// !$*UTF8*$!
{
	archiveVersion = 1;
	classes = {
	};
	objectVersion = 55;
	objects = {

/* Begin PBXBuildFile section */
		7A0E4A172730169E008A7129 /* AppDelegate.swift in Sources */ = {isa = PBXBuildFile; fileRef = 7A0E4A162730169E008A7129 /* AppDelegate.swift */; };
		7A0E4A192730169E008A7129 /* SceneDelegate.swift in Sources */ = {isa = PBXBuildFile; fileRef = 7A0E4A182730169E008A7129 /* SceneDelegate.swift */; };
		7A0E4A1B2730169E008A7129 /* ViewController.swift in Sources */ = {isa = PBXBuildFile; fileRef = 7A0E4A1A2730169E008A7129 /* ViewController.swift */; };
		7A0E4A1E2730169E008A7129 /* Main.storyboard in Resources */ = {isa = PBXBuildFile; fileRef = 7A0E4A1C2730169E008A7129 /* Main.storyboard */; };
		7A0E4A202730169F008A7129 /* Assets.xcassets in Resources */ = {isa = PBXBuildFile; fileRef = 7A0E4A1F2730169F008A7129 /* Assets.xcassets */; };
		7A0E4A232730169F008A7129 /* LaunchScreen.storyboard in Resources */ = {isa = PBXBuildFile; fileRef = 7A0E4A212730169F008A7129 /* LaunchScreen.storyboard */; };
		7A0E4A3827301CB0008A7129 /* 002.gif in Resources */ = {isa = PBXBuildFile; fileRef = 7A0E4A3727301CB0008A7129 /* 002.gif */; };
		7A0E4A3A27301CB6008A7129 /* 001.gif in Resources */ = {isa = PBXBuildFile; fileRef = 7A0E4A3927301CB6008A7129 /* 001.gif */; };
		7A0E4A3C27301CBD008A7129 /* 003.gif in Resources */ = {isa = PBXBuildFile; fileRef = 7A0E4A3B27301CBD008A7129 /* 003.gif */; };
		7A0E4A3E27301CC2008A7129 /* 004.gif in Resources */ = {isa = PBXBuildFile; fileRef = 7A0E4A3D27301CC1008A7129 /* 004.gif */; };
		7A0E4A4027301CC6008A7129 /* 005.gif in Resources */ = {isa = PBXBuildFile; fileRef = 7A0E4A3F27301CC6008A7129 /* 005.gif */; };
		7A0E4A4227301CC9008A7129 /* 006.gif in Resources */ = {isa = PBXBuildFile; fileRef = 7A0E4A4127301CC9008A7129 /* 006.gif */; };
		EFFECD01260B25054F569E8F /* libPods-Cat Viewer.a in Frameworks */ = {isa = PBXBuildFile; fileRef = 005D410D07A9C3B5527D754F /* libPods-Cat Viewer.a */; };
/* End PBXBuildFile section */

/* Begin PBXFileReference section */
		005D410D07A9C3B5527D754F /* libPods-Cat Viewer.a */ = {isa = PBXFileReference; explicitFileType = archive.ar; includeInIndex = 0; path = "libPods-Cat Viewer.a"; sourceTree = BUILT_PRODUCTS_DIR; };
		7A0E4A132730169E008A7129 /* Cat Viewer.app */ = {isa = PBXFileReference; explicitFileType = wrapper.application; includeInIndex = 0; path = "Cat Viewer.app"; sourceTree = BUILT_PRODUCTS_DIR; };
		7A0E4A162730169E008A7129 /* AppDelegate.swift */ = {isa = PBXFileReference; lastKnownFileType = sourcecode.swift; path = AppDelegate.swift; sourceTree = "<group>"; };
		7A0E4A182730169E008A7129 /* SceneDelegate.swift */ = {isa = PBXFileReference; lastKnownFileType = sourcecode.swift; path = SceneDelegate.swift; sourceTree = "<group>"; };
		7A0E4A1A2730169E008A7129 /* ViewController.swift */ = {isa = PBXFileReference; lastKnownFileType = sourcecode.swift; path = ViewController.swift; sourceTree = "<group>"; };
		7A0E4A1D2730169E008A7129 /* Base */ = {isa = PBXFileReference; lastKnownFileType = file.storyboard; name = Base; path = Base.lproj/Main.storyboard; sourceTree = "<group>"; };
		7A0E4A1F2730169F008A7129 /* Assets.xcassets */ = {isa = PBXFileReference; lastKnownFileType = folder.assetcatalog; path = Assets.xcassets; sourceTree = "<group>"; };
		7A0E4A222730169F008A7129 /* Base */ = {isa = PBXFileReference; lastKnownFileType = file.storyboard; name = Base; path = Base.lproj/LaunchScreen.storyboard; sourceTree = "<group>"; };
		7A0E4A242730169F008A7129 /* Info.plist */ = {isa = PBXFileReference; lastKnownFileType = text.plist.xml; path = Info.plist; sourceTree = "<group>"; };
		7A0E4A3727301CB0008A7129 /* 002.gif */ = {isa = PBXFileReference; lastKnownFileType = image.gif; path = 002.gif; sourceTree = "<group>"; };
		7A0E4A3927301CB6008A7129 /* 001.gif */ = {isa = PBXFileReference; lastKnownFileType = image.gif; path = 001.gif; sourceTree = "<group>"; };
		7A0E4A3B27301CBD008A7129 /* 003.gif */ = {isa = PBXFileReference; lastKnownFileType = image.gif; path = 003.gif; sourceTree = "<group>"; };
		7A0E4A3D27301CC1008A7129 /* 004.gif */ = {isa = PBXFileReference; lastKnownFileType = image.gif; path = 004.gif; sourceTree = "<group>"; };
		7A0E4A3F27301CC6008A7129 /* 005.gif */ = {isa = PBXFileReference; lastKnownFileType = image.gif; path = 005.gif; sourceTree = "<group>"; };
		7A0E4A4127301CC9008A7129 /* 006.gif */ = {isa = PBXFileReference; lastKnownFileType = image.gif; path = 006.gif; sourceTree = "<group>"; };
		D4C661E59BA437974442424C /* Pods-Cat Viewer.debug.xcconfig */ = {isa = PBXFileReference; includeInIndex = 1; lastKnownFileType = text.xcconfig; name = "Pods-Cat Viewer.debug.xcconfig"; path = "Target Support Files/Pods-Cat Viewer/Pods-Cat Viewer.debug.xcconfig"; sourceTree = "<group>"; };
		DD7F8F7A8E351CCB0E82DB21 /* Pods-Cat Viewer.release.xcconfig */ = {isa = PBXFileReference; includeInIndex = 1; lastKnownFileType = text.xcconfig; name = "Pods-Cat Viewer.release.xcconfig"; path = "Target Support Files/Pods-Cat Viewer/Pods-Cat Viewer.release.xcconfig"; sourceTree = "<group>"; };
/* End PBXFileReference section */

/* Begin PBXFrameworksBuildPhase section */
		7A0E4A102730169E008A7129 /* Frameworks */ = {
			isa = PBXFrameworksBuildPhase;
			buildActionMask = 2147483647;
			files = (
				EFFECD01260B25054F569E8F /* libPods-Cat Viewer.a in Frameworks */,
			);
			runOnlyForDeploymentPostprocessing = 0;
		};
/* End PBXFrameworksBuildPhase section */

/* Begin PBXGroup section */
		3649C4500B918A8E58770785 /* Frameworks */ = {
			isa = PBXGroup;
			children = (
				005D410D07A9C3B5527D754F /* libPods-Cat Viewer.a */,
			);
			name = Frameworks;
			sourceTree = "<group>";
		};
		538A0EE52B4A2BD13FABC472 /* Pods */ = {
			isa = PBXGroup;
			children = (
				D4C661E59BA437974442424C /* Pods-Cat Viewer.debug.xcconfig */,
				DD7F8F7A8E351CCB0E82DB21 /* Pods-Cat Viewer.release.xcconfig */,
			);
			name = Pods;
			path = Pods;
			sourceTree = "<group>";
		};
		7A0E4A0A2730169E008A7129 = {
			isa = PBXGroup;
			children = (
				7A0E4A152730169E008A7129 /* Cat Viewer */,
				7A0E4A142730169E008A7129 /* Products */,
				538A0EE52B4A2BD13FABC472 /* Pods */,
				3649C4500B918A8E58770785 /* Frameworks */,
			);
			sourceTree = "<group>";
		};
		7A0E4A142730169E008A7129 /* Products */ = {
			isa = PBXGroup;
			children = (
				7A0E4A132730169E008A7129 /* Cat Viewer.app */,
			);
			name = Products;
			sourceTree = "<group>";
		};
		7A0E4A152730169E008A7129 /* Cat Viewer */ = {
			isa = PBXGroup;
			children = (
				7A0E4A162730169E008A7129 /* AppDelegate.swift */,
				7A0E4A182730169E008A7129 /* SceneDelegate.swift */,
				7A0E4A1A2730169E008A7129 /* ViewController.swift */,
				7A0E4A1C2730169E008A7129 /* Main.storyboard */,
				7A0E4A1F2730169F008A7129 /* Assets.xcassets */,
				7A0E4A212730169F008A7129 /* LaunchScreen.storyboard */,
				7A0E4A242730169F008A7129 /* Info.plist */,
				7A0E4A2C27301BD9008A7129 /* Images */,
			);
			path = "Cat Viewer";
			sourceTree = "<group>";
		};
		7A0E4A2C27301BD9008A7129 /* Images */ = {
			isa = PBXGroup;
			children = (
				7A0E4A3727301CB0008A7129 /* 002.gif */,
				7A0E4A3927301CB6008A7129 /* 001.gif */,
				7A0E4A3B27301CBD008A7129 /* 003.gif */,
				7A0E4A3D27301CC1008A7129 /* 004.gif */,
				7A0E4A3F27301CC6008A7129 /* 005.gif */,
				7A0E4A4127301CC9008A7129 /* 006.gif */,
			);
			path = Images;
			sourceTree = "<group>";
		};
/* End PBXGroup section */

/* Begin PBXNativeTarget section */
		7A0E4A122730169E008A7129 /* Cat Viewer */ = {
			isa = PBXNativeTarget;
			buildConfigurationList = 7A0E4A272730169F008A7129 /* Build configuration list for PBXNativeTarget "Cat Viewer" */;
			buildPhases = (
				858B671D5C5B70F0684C14D6 /* [CP] Check Pods Manifest.lock */,
				7A0E4A0F2730169E008A7129 /* Sources */,
				7A0E4A102730169E008A7129 /* Frameworks */,
				7A0E4A112730169E008A7129 /* Resources */,
			);
			buildRules = (
			);
			dependencies = (
			);
			name = "Cat Viewer";
			productName = "Cat Viewer";
			productReference = 7A0E4A132730169E008A7129 /* Cat Viewer.app */;
			productType = "com.apple.product-type.application";
		};
/* End PBXNativeTarget section */

/* Begin PBXProject section */
		7A0E4A0B2730169E008A7129 /* Project object */ = {
			isa = PBXProject;
			attributes = {
				BuildIndependentTargetsInParallel = 1;
				LastSwiftUpdateCheck = 1310;
				LastUpgradeCheck = 1310;
				TargetAttributes = {
					7A0E4A122730169E008A7129 = {
						CreatedOnToolsVersion = 13.1;
					};
				};
			};
			buildConfigurationList = 7A0E4A0E2730169E008A7129 /* Build configuration list for PBXProject "Cat Viewer" */;
			compatibilityVersion = "Xcode 13.0";
			developmentRegion = en;
			hasScannedForEncodings = 0;
			knownRegions = (
				en,
				Base,
			);
			mainGroup = 7A0E4A0A2730169E008A7129;
			productRefGroup = 7A0E4A142730169E008A7129 /* Products */;
			projectDirPath = "";
			projectRoot = "";
			targets = (
				7A0E4A122730169E008A7129 /* Cat Viewer */,
			);
		};
/* End PBXProject section */

/* Begin PBXResourcesBuildPhase section */
		7A0E4A112730169E008A7129 /* Resources */ = {
			isa = PBXResourcesBuildPhase;
			buildActionMask = 2147483647;
			files = (
				7A0E4A4227301CC9008A7129 /* 006.gif in Resources */,
				7A0E4A4027301CC6008A7129 /* 005.gif in Resources */,
				7A0E4A3C27301CBD008A7129 /* 003.gif in Resources */,
				7A0E4A232730169F008A7129 /* LaunchScreen.storyboard in Resources */,
				7A0E4A3A27301CB6008A7129 /* 001.gif in Resources */,
				7A0E4A3E27301CC2008A7129 /* 004.gif in Resources */,
				7A0E4A3827301CB0008A7129 /* 002.gif in Resources */,
				7A0E4A202730169F008A7129 /* Assets.xcassets in Resources */,
				7A0E4A1E2730169E008A7129 /* Main.storyboard in Resources */,
			);
			runOnlyForDeploymentPostprocessing = 0;
		};
/* End PBXResourcesBuildPhase section */

/* Begin PBXShellScriptBuildPhase section */
		858B671D5C5B70F0684C14D6 /* [CP] Check Pods Manifest.lock */ = {
			isa = PBXShellScriptBuildPhase;
			buildActionMask = 2147483647;
			files = (
			);
			inputFileListPaths = (
			);
			inputPaths = (
				"${PODS_PODFILE_DIR_PATH}/Podfile.lock",
				"${PODS_ROOT}/Manifest.lock",
			);
			name = "[CP] Check Pods Manifest.lock";
			outputFileListPaths = (
			);
			outputPaths = (
				"$(DERIVED_FILE_DIR)/Pods-Cat Viewer-checkManifestLockResult.txt",
			);
			runOnlyForDeploymentPostprocessing = 0;
			shellPath = /bin/sh;
			shellScript = "diff \"${PODS_PODFILE_DIR_PATH}/Podfile.lock\" \"${PODS_ROOT}/Manifest.lock\" > /dev/null\nif [ $? != 0 ] ; then\n    # print error to STDERR\n    echo \"error: The sandbox is not in sync with the Podfile.lock. Run 'pod install' or update your CocoaPods installation.\" >&2\n    exit 1\nfi\n# This output is used by Xcode 'outputs' to avoid re-running this script phase.\necho \"SUCCESS\" > \"${SCRIPT_OUTPUT_FILE_0}\"\n";
			showEnvVarsInLog = 0;
		};
/* End PBXShellScriptBuildPhase section */

/* Begin PBXSourcesBuildPhase section */
		7A0E4A0F2730169E008A7129 /* Sources */ = {
			isa = PBXSourcesBuildPhase;
			buildActionMask = 2147483647;
			files = (
				7A0E4A1B2730169E008A7129 /* ViewController.swift in Sources */,
				7A0E4A172730169E008A7129 /* AppDelegate.swift in Sources */,
				7A0E4A192730169E008A7129 /* SceneDelegate.swift in Sources */,
			);
			runOnlyForDeploymentPostprocessing = 0;
		};
/* End PBXSourcesBuildPhase section */

/* Begin PBXVariantGroup section */
		7A0E4A1C2730169E008A7129 /* Main.storyboard */ = {
			isa = PBXVariantGroup;
			children = (
				7A0E4A1D2730169E008A7129 /* Base */,
			);
			name = Main.storyboard;
			sourceTree = "<group>";
		};
		7A0E4A212730169F008A7129 /* LaunchScreen.storyboard */ = {
			isa = PBXVariantGroup;
			children = (
				7A0E4A222730169F008A7129 /* Base */,
			);
			name = LaunchScreen.storyboard;
			sourceTree = "<group>";
		};
/* End PBXVariantGroup section */

/* Begin XCBuildConfiguration section */
		7A0E4A252730169F008A7129 /* Debug */ = {
			isa = XCBuildConfiguration;
			buildSettings = {
				ALWAYS_SEARCH_USER_PATHS = NO;
				CLANG_ANALYZER_NONNULL = YES;
				CLANG_ANALYZER_NUMBER_OBJECT_CONVERSION = YES_AGGRESSIVE;
				CLANG_CXX_LANGUAGE_STANDARD = "gnu++17";
				CLANG_CXX_LIBRARY = "libc++";
				CLANG_ENABLE_MODULES = YES;
				CLANG_ENABLE_OBJC_ARC = YES;
				CLANG_ENABLE_OBJC_WEAK = YES;
				CLANG_WARN_BLOCK_CAPTURE_AUTORELEASING = YES;
				CLANG_WARN_BOOL_CONVERSION = YES;
				CLANG_WARN_COMMA = YES;
				CLANG_WARN_CONSTANT_CONVERSION = YES;
				CLANG_WARN_DEPRECATED_OBJC_IMPLEMENTATIONS = YES;
				CLANG_WARN_DIRECT_OBJC_ISA_USAGE = YES_ERROR;
				CLANG_WARN_DOCUMENTATION_COMMENTS = YES;
				CLANG_WARN_EMPTY_BODY = YES;
				CLANG_WARN_ENUM_CONVERSION = YES;
				CLANG_WARN_INFINITE_RECURSION = YES;
				CLANG_WARN_INT_CONVERSION = YES;
				CLANG_WARN_NON_LITERAL_NULL_CONVERSION = YES;
				CLANG_WARN_OBJC_IMPLICIT_RETAIN_SELF = YES;
				CLANG_WARN_OBJC_LITERAL_CONVERSION = YES;
				CLANG_WARN_OBJC_ROOT_CLASS = YES_ERROR;
				CLANG_WARN_QUOTED_INCLUDE_IN_FRAMEWORK_HEADER = YES;
				CLANG_WARN_RANGE_LOOP_ANALYSIS = YES;
				CLANG_WARN_STRICT_PROTOTYPES = YES;
				CLANG_WARN_SUSPICIOUS_MOVE = YES;
				CLANG_WARN_UNGUARDED_AVAILABILITY = YES_AGGRESSIVE;
				CLANG_WARN_UNREACHABLE_CODE = YES;
				CLANG_WARN__DUPLICATE_METHOD_MATCH = YES;
				COPY_PHASE_STRIP = NO;
				DEBUG_INFORMATION_FORMAT = dwarf;
				ENABLE_STRICT_OBJC_MSGSEND = YES;
				ENABLE_TESTABILITY = YES;
				GCC_C_LANGUAGE_STANDARD = gnu11;
				GCC_DYNAMIC_NO_PIC = NO;
				GCC_NO_COMMON_BLOCKS = YES;
				GCC_OPTIMIZATION_LEVEL = 0;
				GCC_PREPROCESSOR_DEFINITIONS = (
					"DEBUG=1",
					"$(inherited)",
				);
				GCC_WARN_64_TO_32_BIT_CONVERSION = YES;
				GCC_WARN_ABOUT_RETURN_TYPE = YES_ERROR;
				GCC_WARN_UNDECLARED_SELECTOR = YES;
				GCC_WARN_UNINITIALIZED_AUTOS = YES_AGGRESSIVE;
				GCC_WARN_UNUSED_FUNCTION = YES;
				GCC_WARN_UNUSED_VARIABLE = YES;
				IPHONEOS_DEPLOYMENT_TARGET = 15.0;
				MTL_ENABLE_DEBUG_INFO = INCLUDE_SOURCE;
				MTL_FAST_MATH = YES;
				ONLY_ACTIVE_ARCH = YES;
				SDKROOT = iphoneos;
				SWIFT_ACTIVE_COMPILATION_CONDITIONS = DEBUG;
				SWIFT_OPTIMIZATION_LEVEL = "-Onone";
			};
			name = Debug;
		};
		7A0E4A262730169F008A7129 /* Release */ = {
			isa = XCBuildConfiguration;
			buildSettings = {
				ALWAYS_SEARCH_USER_PATHS = NO;
				CLANG_ANALYZER_NONNULL = YES;
				CLANG_ANALYZER_NUMBER_OBJECT_CONVERSION = YES_AGGRESSIVE;
				CLANG_CXX_LANGUAGE_STANDARD = "gnu++17";
				CLANG_CXX_LIBRARY = "libc++";
				CLANG_ENABLE_MODULES = YES;
				CLANG_ENABLE_OBJC_ARC = YES;
				CLANG_ENABLE_OBJC_WEAK = YES;
				CLANG_WARN_BLOCK_CAPTURE_AUTORELEASING = YES;
				CLANG_WARN_BOOL_CONVERSION = YES;
				CLANG_WARN_COMMA = YES;
				CLANG_WARN_CONSTANT_CONVERSION = YES;
				CLANG_WARN_DEPRECATED_OBJC_IMPLEMENTATIONS = YES;
				CLANG_WARN_DIRECT_OBJC_ISA_USAGE = YES_ERROR;
				CLANG_WARN_DOCUMENTATION_COMMENTS = YES;
				CLANG_WARN_EMPTY_BODY = YES;
				CLANG_WARN_ENUM_CONVERSION = YES;
				CLANG_WARN_INFINITE_RECURSION = YES;
				CLANG_WARN_INT_CONVERSION = YES;
				CLANG_WARN_NON_LITERAL_NULL_CONVERSION = YES;
				CLANG_WARN_OBJC_IMPLICIT_RETAIN_SELF = YES;
				CLANG_WARN_OBJC_LITERAL_CONVERSION = YES;
				CLANG_WARN_OBJC_ROOT_CLASS = YES_ERROR;
				CLANG_WARN_QUOTED_INCLUDE_IN_FRAMEWORK_HEADER = YES;
				CLANG_WARN_RANGE_LOOP_ANALYSIS = YES;
				CLANG_WARN_STRICT_PROTOTYPES = YES;
				CLANG_WARN_SUSPICIOUS_MOVE = YES;
				CLANG_WARN_UNGUARDED_AVAILABILITY = YES_AGGRESSIVE;
				CLANG_WARN_UNREACHABLE_CODE = YES;
				CLANG_WARN__DUPLICATE_METHOD_MATCH = YES;
				COPY_PHASE_STRIP = NO;
				DEBUG_INFORMATION_FORMAT = "dwarf-with-dsym";
				ENABLE_NS_ASSERTIONS = NO;
				ENABLE_STRICT_OBJC_MSGSEND = YES;
				GCC_C_LANGUAGE_STANDARD = gnu11;
				GCC_NO_COMMON_BLOCKS = YES;
				GCC_WARN_64_TO_32_BIT_CONVERSION = YES;
				GCC_WARN_ABOUT_RETURN_TYPE = YES_ERROR;
				GCC_WARN_UNDECLARED_SELECTOR = YES;
				GCC_WARN_UNINITIALIZED_AUTOS = YES_AGGRESSIVE;
				GCC_WARN_UNUSED_FUNCTION = YES;
				GCC_WARN_UNUSED_VARIABLE = YES;
				IPHONEOS_DEPLOYMENT_TARGET = 15.0;
				MTL_ENABLE_DEBUG_INFO = NO;
				MTL_FAST_MATH = YES;
				SDKROOT = iphoneos;
				SWIFT_COMPILATION_MODE = wholemodule;
				SWIFT_OPTIMIZATION_LEVEL = "-O";
				VALIDATE_PRODUCT = YES;
			};
			name = Release;
		};
		7A0E4A282730169F008A7129 /* Debug */ = {
			isa = XCBuildConfiguration;
			baseConfigurationReference = D4C661E59BA437974442424C /* Pods-Cat Viewer.debug.xcconfig */;
			buildSettings = {
				ASSETCATALOG_COMPILER_APPICON_NAME = AppIcon;
				ASSETCATALOG_COMPILER_GLOBAL_ACCENT_COLOR_NAME = AccentColor;
				CODE_SIGN_STYLE = Automatic;
				CURRENT_PROJECT_VERSION = 1;
				GENERATE_INFOPLIST_FILE = YES;
				INFOPLIST_FILE = "Cat Viewer/Info.plist";
				INFOPLIST_KEY_CFBundleDisplayName = "Cat-Viewer";
				INFOPLIST_KEY_UIApplicationSupportsIndirectInputEvents = YES;
				INFOPLIST_KEY_UILaunchStoryboardName = LaunchScreen;
				INFOPLIST_KEY_UIMainStoryboardFile = Main;
				INFOPLIST_KEY_UISupportedInterfaceOrientations_iPad = "UIInterfaceOrientationPortrait UIInterfaceOrientationPortraitUpsideDown UIInterfaceOrientationLandscapeLeft UIInterfaceOrientationLandscapeRight";
				INFOPLIST_KEY_UISupportedInterfaceOrientations_iPhone = "UIInterfaceOrientationPortrait UIInterfaceOrientationLandscapeLeft UIInterfaceOrientationLandscapeRight";
				LD_RUNPATH_SEARCH_PATHS = (
					"$(inherited)",
					"@executable_path/Frameworks",
				);
				MARKETING_VERSION = 1.0;
				PRODUCT_BUNDLE_IDENTIFIER = "com.lagrange1813.Cat-Viewer";
				PRODUCT_NAME = "$(TARGET_NAME)";
				SWIFT_EMIT_LOC_STRINGS = YES;
				SWIFT_VERSION = 5.0;
				TARGETED_DEVICE_FAMILY = "1,2";
			};
			name = Debug;
		};
		7A0E4A292730169F008A7129 /* Release */ = {
			isa = XCBuildConfiguration;
			baseConfigurationReference = DD7F8F7A8E351CCB0E82DB21 /* Pods-Cat Viewer.release.xcconfig */;
			buildSettings = {
				ASSETCATALOG_COMPILER_APPICON_NAME = AppIcon;
				ASSETCATALOG_COMPILER_GLOBAL_ACCENT_COLOR_NAME = AccentColor;
				CODE_SIGN_STYLE = Automatic;
				CURRENT_PROJECT_VERSION = 1;
				GENERATE_INFOPLIST_FILE = YES;
				INFOPLIST_FILE = "Cat Viewer/Info.plist";
				INFOPLIST_KEY_CFBundleDisplayName = "Cat-Viewer";
				INFOPLIST_KEY_UIApplicationSupportsIndirectInputEvents = YES;
				INFOPLIST_KEY_UILaunchStoryboardName = LaunchScreen;
				INFOPLIST_KEY_UIMainStoryboardFile = Main;
				INFOPLIST_KEY_UISupportedInterfaceOrientations_iPad = "UIInterfaceOrientationPortrait UIInterfaceOrientationPortraitUpsideDown UIInterfaceOrientationLandscapeLeft UIInterfaceOrientationLandscapeRight";
				INFOPLIST_KEY_UISupportedInterfaceOrientations_iPhone = "UIInterfaceOrientationPortrait UIInterfaceOrientationLandscapeLeft UIInterfaceOrientationLandscapeRight";
				LD_RUNPATH_SEARCH_PATHS = (
					"$(inherited)",
					"@executable_path/Frameworks",
				);
				MARKETING_VERSION = 1.0;
				PRODUCT_BUNDLE_IDENTIFIER = "com.lagrange1813.Cat-Viewer";
				PRODUCT_NAME = "$(TARGET_NAME)";
				SWIFT_EMIT_LOC_STRINGS = YES;
				SWIFT_VERSION = 5.0;
				TARGETED_DEVICE_FAMILY = "1,2";
			};
			name = Release;
		};
/* End XCBuildConfiguration section */

/* Begin XCConfigurationList section */
		7A0E4A0E2730169E008A7129 /* Build configuration list for PBXProject "Cat Viewer" */ = {
			isa = XCConfigurationList;
			buildConfigurations = (
				7A0E4A252730169F008A7129 /* Debug */,
				7A0E4A262730169F008A7129 /* Release */,
			);
			defaultConfigurationIsVisible = 0;
			defaultConfigurationName = Release;
		};
		7A0E4A272730169F008A7129 /* Build configuration list for PBXNativeTarget "Cat Viewer" */ = {
			isa = XCConfigurationList;
			buildConfigurations = (
				7A0E4A282730169F008A7129 /* Debug */,
				7A0E4A292730169F008A7129 /* Release */,
			);
			defaultConfigurationIsVisible = 0;
			defaultConfigurationName = Release;
		};
/* End XCConfigurationList section */
	};
	rootObject = 7A0E4A0B2730169E008A7129 /* Project object */;
}
