// !$*UTF8*$!
{
	archiveVersion = 1;
	classes = {
	};
	objectVersion = 55;
	objects = {

/* Begin PBXBuildFile section */
		06AD740912EBA55C7084C169 /* Pods_New_Cat_Viewer.framework in Frameworks */ = {isa = PBXBuildFile; fileRef = C6FCDA94CAEFF625B27BE632 /* Pods_New_Cat_Viewer.framework */; };
		7A185EAC27411A650008E747 /* ImageVC.swift in Sources */ = {isa = PBXBuildFile; fileRef = 7A185EAB27411A650008E747 /* ImageVC.swift */; };
		7A5A39D02740B5D400966F4C /* AppDelegate.swift in Sources */ = {isa = PBXBuildFile; fileRef = 7A5A39CF2740B5D400966F4C /* AppDelegate.swift */; };
		7A5A39D92740B5D500966F4C /* Assets.xcassets in Resources */ = {isa = PBXBuildFile; fileRef = 7A5A39D82740B5D500966F4C /* Assets.xcassets */; };
		7A5A39DC2740B5D500966F4C /* LaunchScreen.storyboard in Resources */ = {isa = PBXBuildFile; fileRef = 7A5A39DA2740B5D500966F4C /* LaunchScreen.storyboard */; };
		7A6F47082743C8CB001F0EA4 /* CatCell.swift in Sources */ = {isa = PBXBuildFile; fileRef = 7A6F47072743C8CB001F0EA4 /* CatCell.swift */; };
		7A948D902740BF8000529C36 /* Cat.swift in Sources */ = {isa = PBXBuildFile; fileRef = 7A948D8F2740BF8000529C36 /* Cat.swift */; };
		7A948D922740BFB800529C36 /* CatTableVC.swift in Sources */ = {isa = PBXBuildFile; fileRef = 7A948D912740BFB800529C36 /* CatTableVC.swift */; };
/* End PBXBuildFile section */

/* Begin PBXFileReference section */
		605994F2878E9F177114BC81 /* Pods-New-Cat-Viewer.release.xcconfig */ = {isa = PBXFileReference; includeInIndex = 1; lastKnownFileType = text.xcconfig; name = "Pods-New-Cat-Viewer.release.xcconfig"; path = "Target Support Files/Pods-New-Cat-Viewer/Pods-New-Cat-Viewer.release.xcconfig"; sourceTree = "<group>"; };
		7A185EAB27411A650008E747 /* ImageVC.swift */ = {isa = PBXFileReference; lastKnownFileType = sourcecode.swift; path = ImageVC.swift; sourceTree = "<group>"; };
		7A5A39CC2740B5D400966F4C /* New-Cat-Viewer.app */ = {isa = PBXFileReference; explicitFileType = wrapper.application; includeInIndex = 0; path = "New-Cat-Viewer.app"; sourceTree = BUILT_PRODUCTS_DIR; };
		7A5A39CF2740B5D400966F4C /* AppDelegate.swift */ = {isa = PBXFileReference; lastKnownFileType = sourcecode.swift; path = AppDelegate.swift; sourceTree = "<group>"; };
		7A5A39D82740B5D500966F4C /* Assets.xcassets */ = {isa = PBXFileReference; lastKnownFileType = folder.assetcatalog; path = Assets.xcassets; sourceTree = "<group>"; };
		7A5A39DB2740B5D500966F4C /* Base */ = {isa = PBXFileReference; lastKnownFileType = file.storyboard; name = Base; path = Base.lproj/LaunchScreen.storyboard; sourceTree = "<group>"; };
		7A5A39DD2740B5D500966F4C /* Info.plist */ = {isa = PBXFileReference; lastKnownFileType = text.plist.xml; path = Info.plist; sourceTree = "<group>"; };
		7A6F47072743C8CB001F0EA4 /* CatCell.swift */ = {isa = PBXFileReference; lastKnownFileType = sourcecode.swift; path = CatCell.swift; sourceTree = "<group>"; };
		7A948D8F2740BF8000529C36 /* Cat.swift */ = {isa = PBXFileReference; lastKnownFileType = sourcecode.swift; path = Cat.swift; sourceTree = "<group>"; };
		7A948D912740BFB800529C36 /* CatTableVC.swift */ = {isa = PBXFileReference; lastKnownFileType = sourcecode.swift; path = CatTableVC.swift; sourceTree = "<group>"; };
		9B1837E8241646FF113C84F5 /* Pods-New-Cat-Viewer.debug.xcconfig */ = {isa = PBXFileReference; includeInIndex = 1; lastKnownFileType = text.xcconfig; name = "Pods-New-Cat-Viewer.debug.xcconfig"; path = "Target Support Files/Pods-New-Cat-Viewer/Pods-New-Cat-Viewer.debug.xcconfig"; sourceTree = "<group>"; };
		C6FCDA94CAEFF625B27BE632 /* Pods_New_Cat_Viewer.framework */ = {isa = PBXFileReference; explicitFileType = wrapper.framework; includeInIndex = 0; path = Pods_New_Cat_Viewer.framework; sourceTree = BUILT_PRODUCTS_DIR; };
/* End PBXFileReference section */

/* Begin PBXFrameworksBuildPhase section */
		7A5A39C92740B5D400966F4C /* Frameworks */ = {
			isa = PBXFrameworksBuildPhase;
			buildActionMask = 2147483647;
			files = (
				06AD740912EBA55C7084C169 /* Pods_New_Cat_Viewer.framework in Frameworks */,
			);
			runOnlyForDeploymentPostprocessing = 0;
		};
/* End PBXFrameworksBuildPhase section */

/* Begin PBXGroup section */
		37826979982A2F43FA4A2ED8 /* Frameworks */ = {
			isa = PBXGroup;
			children = (
				C6FCDA94CAEFF625B27BE632 /* Pods_New_Cat_Viewer.framework */,
			);
			name = Frameworks;
			sourceTree = "<group>";
		};
		616A3ADDFA6A940F950EB702 /* Pods */ = {
			isa = PBXGroup;
			children = (
				9B1837E8241646FF113C84F5 /* Pods-New-Cat-Viewer.debug.xcconfig */,
				605994F2878E9F177114BC81 /* Pods-New-Cat-Viewer.release.xcconfig */,
			);
			path = Pods;
			sourceTree = "<group>";
		};
		7A299C8F2744715F00ED074C /* Extension */ = {
			isa = PBXGroup;
			children = (
			);
			path = Extension;
			sourceTree = "<group>";
		};
		7A5A39C32740B5D400966F4C = {
			isa = PBXGroup;
			children = (
				7A5A39CE2740B5D400966F4C /* New-Cat-Viewer */,
				7A5A39CD2740B5D400966F4C /* Products */,
				616A3ADDFA6A940F950EB702 /* Pods */,
				37826979982A2F43FA4A2ED8 /* Frameworks */,
			);
			sourceTree = "<group>";
		};
		7A5A39CD2740B5D400966F4C /* Products */ = {
			isa = PBXGroup;
			children = (
				7A5A39CC2740B5D400966F4C /* New-Cat-Viewer.app */,
			);
			name = Products;
			sourceTree = "<group>";
		};
		7A5A39CE2740B5D400966F4C /* New-Cat-Viewer */ = {
			isa = PBXGroup;
			children = (
				7A299C8F2744715F00ED074C /* Extension */,
				7A6F470D2743D92C001F0EA4 /* View */,
				7A6F470C2743D910001F0EA4 /* Controller */,
				7A6F470B2743D901001F0EA4 /* Model */,
				7A5A39CF2740B5D400966F4C /* AppDelegate.swift */,
				7A5A39D82740B5D500966F4C /* Assets.xcassets */,
				7A5A39DA2740B5D500966F4C /* LaunchScreen.storyboard */,
				7A5A39DD2740B5D500966F4C /* Info.plist */,
			);
			path = "New-Cat-Viewer";
			sourceTree = "<group>";
		};
		7A6F470B2743D901001F0EA4 /* Model */ = {
			isa = PBXGroup;
			children = (
				7A948D8F2740BF8000529C36 /* Cat.swift */,
			);
			path = Model;
			sourceTree = "<group>";
		};
		7A6F470C2743D910001F0EA4 /* Controller */ = {
			isa = PBXGroup;
			children = (
				7A948D912740BFB800529C36 /* CatTableVC.swift */,
				7A185EAB27411A650008E747 /* ImageVC.swift */,
			);
			path = Controller;
			sourceTree = "<group>";
		};
		7A6F470D2743D92C001F0EA4 /* View */ = {
			isa = PBXGroup;
			children = (
				7A6F47072743C8CB001F0EA4 /* CatCell.swift */,
			);
			path = View;
			sourceTree = "<group>";
		};
/* End PBXGroup section */

/* Begin PBXNativeTarget section */
		7A5A39CB2740B5D400966F4C /* New-Cat-Viewer */ = {
			isa = PBXNativeTarget;
			buildConfigurationList = 7A5A39E02740B5D500966F4C /* Build configuration list for PBXNativeTarget "New-Cat-Viewer" */;
			buildPhases = (
				0EE05A73238155AFA3B55BDD /* [CP] Check Pods Manifest.lock */,
				7A5A39C82740B5D400966F4C /* Sources */,
				7A5A39C92740B5D400966F4C /* Frameworks */,
				7A5A39CA2740B5D400966F4C /* Resources */,
				6D459593CC0B91ECBCE7B36E /* [CP] Embed Pods Frameworks */,
			);
			buildRules = (
			);
			dependencies = (
			);
			name = "New-Cat-Viewer";
			productName = "New-Cat-Viewer";
			productReference = 7A5A39CC2740B5D400966F4C /* New-Cat-Viewer.app */;
			productType = "com.apple.product-type.application";
		};
/* End PBXNativeTarget section */

/* Begin PBXProject section */
		7A5A39C42740B5D400966F4C /* Project object */ = {
			isa = PBXProject;
			attributes = {
				BuildIndependentTargetsInParallel = 1;
				LastSwiftUpdateCheck = 1310;
				LastUpgradeCheck = 1310;
				TargetAttributes = {
					7A5A39CB2740B5D400966F4C = {
						CreatedOnToolsVersion = 13.1;
					};
				};
			};
			buildConfigurationList = 7A5A39C72740B5D400966F4C /* Build configuration list for PBXProject "New-Cat-Viewer" */;
			compatibilityVersion = "Xcode 13.0";
			developmentRegion = en;
			hasScannedForEncodings = 0;
			knownRegions = (
				en,
				Base,
			);
			mainGroup = 7A5A39C32740B5D400966F4C;
			productRefGroup = 7A5A39CD2740B5D400966F4C /* Products */;
			projectDirPath = "";
			projectRoot = "";
			targets = (
				7A5A39CB2740B5D400966F4C /* New-Cat-Viewer */,
			);
		};
/* End PBXProject section */

/* Begin PBXResourcesBuildPhase section */
		7A5A39CA2740B5D400966F4C /* Resources */ = {
			isa = PBXResourcesBuildPhase;
			buildActionMask = 2147483647;
			files = (
				7A5A39DC2740B5D500966F4C /* LaunchScreen.storyboard in Resources */,
				7A5A39D92740B5D500966F4C /* Assets.xcassets in Resources */,
			);
			runOnlyForDeploymentPostprocessing = 0;
		};
/* End PBXResourcesBuildPhase section */

/* Begin PBXShellScriptBuildPhase section */
		0EE05A73238155AFA3B55BDD /* [CP] Check Pods Manifest.lock */ = {
			isa = PBXShellScriptBuildPhase;
			buildActionMask = 2147483647;
			files = (
			);
			inputFileListPaths = (
			);
			inputPaths = (
				"${PODS_PODFILE_DIR_PATH}/Podfile.lock",
				"${PODS_ROOT}/Manifest.lock",
			);
			name = "[CP] Check Pods Manifest.lock";
			outputFileListPaths = (
			);
			outputPaths = (
				"$(DERIVED_FILE_DIR)/Pods-New-Cat-Viewer-checkManifestLockResult.txt",
			);
			runOnlyForDeploymentPostprocessing = 0;
			shellPath = /bin/sh;
			shellScript = "diff \"${PODS_PODFILE_DIR_PATH}/Podfile.lock\" \"${PODS_ROOT}/Manifest.lock\" > /dev/null\nif [ $? != 0 ] ; then\n    # print error to STDERR\n    echo \"error: The sandbox is not in sync with the Podfile.lock. Run 'pod install' or update your CocoaPods installation.\" >&2\n    exit 1\nfi\n# This output is used by Xcode 'outputs' to avoid re-running this script phase.\necho \"SUCCESS\" > \"${SCRIPT_OUTPUT_FILE_0}\"\n";
			showEnvVarsInLog = 0;
		};
		6D459593CC0B91ECBCE7B36E /* [CP] Embed Pods Frameworks */ = {
			isa = PBXShellScriptBuildPhase;
			buildActionMask = 2147483647;
			files = (
			);
			inputFileListPaths = (
				"${PODS_ROOT}/Target Support Files/Pods-New-Cat-Viewer/Pods-New-Cat-Viewer-frameworks-${CONFIGURATION}-input-files.xcfilelist",
			);
			name = "[CP] Embed Pods Frameworks";
			outputFileListPaths = (
				"${PODS_ROOT}/Target Support Files/Pods-New-Cat-Viewer/Pods-New-Cat-Viewer-frameworks-${CONFIGURATION}-output-files.xcfilelist",
			);
			runOnlyForDeploymentPostprocessing = 0;
			shellPath = /bin/sh;
			shellScript = "\"${PODS_ROOT}/Target Support Files/Pods-New-Cat-Viewer/Pods-New-Cat-Viewer-frameworks.sh\"\n";
			showEnvVarsInLog = 0;
		};
/* End PBXShellScriptBuildPhase section */

/* Begin PBXSourcesBuildPhase section */
		7A5A39C82740B5D400966F4C /* Sources */ = {
			isa = PBXSourcesBuildPhase;
			buildActionMask = 2147483647;
			files = (
				7A5A39D02740B5D400966F4C /* AppDelegate.swift in Sources */,
				7A948D922740BFB800529C36 /* CatTableVC.swift in Sources */,
				7A6F47082743C8CB001F0EA4 /* CatCell.swift in Sources */,
				7A185EAC27411A650008E747 /* ImageVC.swift in Sources */,
				7A948D902740BF8000529C36 /* Cat.swift in Sources */,
			);
			runOnlyForDeploymentPostprocessing = 0;
		};
/* End PBXSourcesBuildPhase section */

/* Begin PBXVariantGroup section */
		7A5A39DA2740B5D500966F4C /* LaunchScreen.storyboard */ = {
			isa = PBXVariantGroup;
			children = (
				7A5A39DB2740B5D500966F4C /* Base */,
			);
			name = LaunchScreen.storyboard;
			sourceTree = "<group>";
		};
/* End PBXVariantGroup section */

/* Begin XCBuildConfiguration section */
		7A5A39DE2740B5D500966F4C /* Debug */ = {
			isa = XCBuildConfiguration;
			buildSettings = {
				ALWAYS_SEARCH_USER_PATHS = NO;
				CLANG_ANALYZER_NONNULL = YES;
				CLANG_ANALYZER_NUMBER_OBJECT_CONVERSION = YES_AGGRESSIVE;
				CLANG_CXX_LANGUAGE_STANDARD = "gnu++17";
				CLANG_CXX_LIBRARY = "libc++";
				CLANG_ENABLE_MODULES = YES;
				CLANG_ENABLE_OBJC_ARC = YES;
				CLANG_ENABLE_OBJC_WEAK = YES;
				CLANG_WARN_BLOCK_CAPTURE_AUTORELEASING = YES;
				CLANG_WARN_BOOL_CONVERSION = YES;
				CLANG_WARN_COMMA = YES;
				CLANG_WARN_CONSTANT_CONVERSION = YES;
				CLANG_WARN_DEPRECATED_OBJC_IMPLEMENTATIONS = YES;
				CLANG_WARN_DIRECT_OBJC_ISA_USAGE = YES_ERROR;
				CLANG_WARN_DOCUMENTATION_COMMENTS = YES;
				CLANG_WARN_EMPTY_BODY = YES;
				CLANG_WARN_ENUM_CONVERSION = YES;
				CLANG_WARN_INFINITE_RECURSION = YES;
				CLANG_WARN_INT_CONVERSION = YES;
				CLANG_WARN_NON_LITERAL_NULL_CONVERSION = YES;
				CLANG_WARN_OBJC_IMPLICIT_RETAIN_SELF = YES;
				CLANG_WARN_OBJC_LITERAL_CONVERSION = YES;
				CLANG_WARN_OBJC_ROOT_CLASS = YES_ERROR;
				CLANG_WARN_QUOTED_INCLUDE_IN_FRAMEWORK_HEADER = YES;
				CLANG_WARN_RANGE_LOOP_ANALYSIS = YES;
				CLANG_WARN_STRICT_PROTOTYPES = YES;
				CLANG_WARN_SUSPICIOUS_MOVE = YES;
				CLANG_WARN_UNGUARDED_AVAILABILITY = YES_AGGRESSIVE;
				CLANG_WARN_UNREACHABLE_CODE = YES;
				CLANG_WARN__DUPLICATE_METHOD_MATCH = YES;
				COPY_PHASE_STRIP = NO;
				DEBUG_INFORMATION_FORMAT = dwarf;
				ENABLE_STRICT_OBJC_MSGSEND = YES;
				ENABLE_TESTABILITY = YES;
				GCC_C_LANGUAGE_STANDARD = gnu11;
				GCC_DYNAMIC_NO_PIC = NO;
				GCC_NO_COMMON_BLOCKS = YES;
				GCC_OPTIMIZATION_LEVEL = 0;
				GCC_PREPROCESSOR_DEFINITIONS = (
					"DEBUG=1",
					"$(inherited)",
				);
				GCC_WARN_64_TO_32_BIT_CONVERSION = YES;
				GCC_WARN_ABOUT_RETURN_TYPE = YES_ERROR;
				GCC_WARN_UNDECLARED_SELECTOR = YES;
				GCC_WARN_UNINITIALIZED_AUTOS = YES_AGGRESSIVE;
				GCC_WARN_UNUSED_FUNCTION = YES;
				GCC_WARN_UNUSED_VARIABLE = YES;
				IPHONEOS_DEPLOYMENT_TARGET = 13.0;
				MTL_ENABLE_DEBUG_INFO = INCLUDE_SOURCE;
				MTL_FAST_MATH = YES;
				ONLY_ACTIVE_ARCH = YES;
				SDKROOT = iphoneos;
				SWIFT_ACTIVE_COMPILATION_CONDITIONS = DEBUG;
				SWIFT_OPTIMIZATION_LEVEL = "-Onone";
			};
			name = Debug;
		};
		7A5A39DF2740B5D500966F4C /* Release */ = {
			isa = XCBuildConfiguration;
			buildSettings = {
				ALWAYS_SEARCH_USER_PATHS = NO;
				CLANG_ANALYZER_NONNULL = YES;
				CLANG_ANALYZER_NUMBER_OBJECT_CONVERSION = YES_AGGRESSIVE;
				CLANG_CXX_LANGUAGE_STANDARD = "gnu++17";
				CLANG_CXX_LIBRARY = "libc++";
				CLANG_ENABLE_MODULES = YES;
				CLANG_ENABLE_OBJC_ARC = YES;
				CLANG_ENABLE_OBJC_WEAK = YES;
				CLANG_WARN_BLOCK_CAPTURE_AUTORELEASING = YES;
				CLANG_WARN_BOOL_CONVERSION = YES;
				CLANG_WARN_COMMA = YES;
				CLANG_WARN_CONSTANT_CONVERSION = YES;
				CLANG_WARN_DEPRECATED_OBJC_IMPLEMENTATIONS = YES;
				CLANG_WARN_DIRECT_OBJC_ISA_USAGE = YES_ERROR;
				CLANG_WARN_DOCUMENTATION_COMMENTS = YES;
				CLANG_WARN_EMPTY_BODY = YES;
				CLANG_WARN_ENUM_CONVERSION = YES;
				CLANG_WARN_INFINITE_RECURSION = YES;
				CLANG_WARN_INT_CONVERSION = YES;
				CLANG_WARN_NON_LITERAL_NULL_CONVERSION = YES;
				CLANG_WARN_OBJC_IMPLICIT_RETAIN_SELF = YES;
				CLANG_WARN_OBJC_LITERAL_CONVERSION = YES;
				CLANG_WARN_OBJC_ROOT_CLASS = YES_ERROR;
				CLANG_WARN_QUOTED_INCLUDE_IN_FRAMEWORK_HEADER = YES;
				CLANG_WARN_RANGE_LOOP_ANALYSIS = YES;
				CLANG_WARN_STRICT_PROTOTYPES = YES;
				CLANG_WARN_SUSPICIOUS_MOVE = YES;
				CLANG_WARN_UNGUARDED_AVAILABILITY = YES_AGGRESSIVE;
				CLANG_WARN_UNREACHABLE_CODE = YES;
				CLANG_WARN__DUPLICATE_METHOD_MATCH = YES;
				COPY_PHASE_STRIP = NO;
				DEBUG_INFORMATION_FORMAT = "dwarf-with-dsym";
				ENABLE_NS_ASSERTIONS = NO;
				ENABLE_STRICT_OBJC_MSGSEND = YES;
				GCC_C_LANGUAGE_STANDARD = gnu11;
				GCC_NO_COMMON_BLOCKS = YES;
				GCC_WARN_64_TO_32_BIT_CONVERSION = YES;
				GCC_WARN_ABOUT_RETURN_TYPE = YES_ERROR;
				GCC_WARN_UNDECLARED_SELECTOR = YES;
				GCC_WARN_UNINITIALIZED_AUTOS = YES_AGGRESSIVE;
				GCC_WARN_UNUSED_FUNCTION = YES;
				GCC_WARN_UNUSED_VARIABLE = YES;
				IPHONEOS_DEPLOYMENT_TARGET = 13.0;
				MTL_ENABLE_DEBUG_INFO = NO;
				MTL_FAST_MATH = YES;
				SDKROOT = iphoneos;
				SWIFT_COMPILATION_MODE = wholemodule;
				SWIFT_OPTIMIZATION_LEVEL = "-O";
				VALIDATE_PRODUCT = YES;
			};
			name = Release;
		};
		7A5A39E12740B5D500966F4C /* Debug */ = {
			isa = XCBuildConfiguration;
			baseConfigurationReference = 9B1837E8241646FF113C84F5 /* Pods-New-Cat-Viewer.debug.xcconfig */;
			buildSettings = {
				ASSETCATALOG_COMPILER_APPICON_NAME = AppIcon;
				ASSETCATALOG_COMPILER_GLOBAL_ACCENT_COLOR_NAME = AccentColor;
				CODE_SIGN_STYLE = Automatic;
				CURRENT_PROJECT_VERSION = 1;
				GENERATE_INFOPLIST_FILE = YES;
				INFOPLIST_FILE = "New-Cat-Viewer/Info.plist";
				INFOPLIST_KEY_UIApplicationSupportsIndirectInputEvents = YES;
				INFOPLIST_KEY_UILaunchStoryboardName = LaunchScreen;
				INFOPLIST_KEY_UISupportedInterfaceOrientations_iPad = "UIInterfaceOrientationPortrait UIInterfaceOrientationPortraitUpsideDown UIInterfaceOrientationLandscapeLeft UIInterfaceOrientationLandscapeRight";
				INFOPLIST_KEY_UISupportedInterfaceOrientations_iPhone = "UIInterfaceOrientationPortrait UIInterfaceOrientationLandscapeLeft UIInterfaceOrientationLandscapeRight";
				IPHONEOS_DEPLOYMENT_TARGET = 13.0;
				LD_RUNPATH_SEARCH_PATHS = (
					"$(inherited)",
					"@executable_path/Frameworks",
				);
				MARKETING_VERSION = 1.0;
				PRODUCT_BUNDLE_IDENTIFIER = "com.lagrange1813.New-Cat-Viewer";
				PRODUCT_NAME = "$(TARGET_NAME)";
				SWIFT_EMIT_LOC_STRINGS = YES;
				SWIFT_VERSION = 5.0;
				TARGETED_DEVICE_FAMILY = "1,2";
			};
			name = Debug;
		};
		7A5A39E22740B5D500966F4C /* Release */ = {
			isa = XCBuildConfiguration;
			baseConfigurationReference = 605994F2878E9F177114BC81 /* Pods-New-Cat-Viewer.release.xcconfig */;
			buildSettings = {
				ASSETCATALOG_COMPILER_APPICON_NAME = AppIcon;
				ASSETCATALOG_COMPILER_GLOBAL_ACCENT_COLOR_NAME = AccentColor;
				CODE_SIGN_STYLE = Automatic;
				CURRENT_PROJECT_VERSION = 1;
				GENERATE_INFOPLIST_FILE = YES;
				INFOPLIST_FILE = "New-Cat-Viewer/Info.plist";
				INFOPLIST_KEY_UIApplicationSupportsIndirectInputEvents = YES;
				INFOPLIST_KEY_UILaunchStoryboardName = LaunchScreen;
				INFOPLIST_KEY_UISupportedInterfaceOrientations_iPad = "UIInterfaceOrientationPortrait UIInterfaceOrientationPortraitUpsideDown UIInterfaceOrientationLandscapeLeft UIInterfaceOrientationLandscapeRight";
				INFOPLIST_KEY_UISupportedInterfaceOrientations_iPhone = "UIInterfaceOrientationPortrait UIInterfaceOrientationLandscapeLeft UIInterfaceOrientationLandscapeRight";
				IPHONEOS_DEPLOYMENT_TARGET = 13.0;
				LD_RUNPATH_SEARCH_PATHS = (
					"$(inherited)",
					"@executable_path/Frameworks",
				);
				MARKETING_VERSION = 1.0;
				PRODUCT_BUNDLE_IDENTIFIER = "com.lagrange1813.New-Cat-Viewer";
				PRODUCT_NAME = "$(TARGET_NAME)";
				SWIFT_EMIT_LOC_STRINGS = YES;
				SWIFT_VERSION = 5.0;
				TARGETED_DEVICE_FAMILY = "1,2";
			};
			name = Release;
		};
/* End XCBuildConfiguration section */

/* Begin XCConfigurationList section */
		7A5A39C72740B5D400966F4C /* Build configuration list for PBXProject "New-Cat-Viewer" */ = {
			isa = XCConfigurationList;
			buildConfigurations = (
				7A5A39DE2740B5D500966F4C /* Debug */,
				7A5A39DF2740B5D500966F4C /* Release */,
			);
			defaultConfigurationIsVisible = 0;
			defaultConfigurationName = Release;
		};
		7A5A39E02740B5D500966F4C /* Build configuration list for PBXNativeTarget "New-Cat-Viewer" */ = {
			isa = XCConfigurationList;
			buildConfigurations = (
				7A5A39E12740B5D500966F4C /* Debug */,
				7A5A39E22740B5D500966F4C /* Release */,
			);
			defaultConfigurationIsVisible = 0;
			defaultConfigurationName = Release;
		};
/* End XCConfigurationList section */
	};
	rootObject = 7A5A39C42740B5D400966F4C /* Project object */;
}
