// !$*UTF8*$!
{
	archiveVersion = 1;
	classes = {
	};
	objectVersion = 55;
	objects = {

/* Begin PBXBuildFile section */
		7A584E3F27586FCD00B2AFCF /* AppDelegate.swift in Sources */ = {isa = PBXBuildFile; fileRef = 7A584E3E27586FCD00B2AFCF /* AppDelegate.swift */; };
		7A584E4127586FCD00B2AFCF /* SceneDelegate.swift in Sources */ = {isa = PBXBuildFile; fileRef = 7A584E4027586FCD00B2AFCF /* SceneDelegate.swift */; };
		7A584E4327586FCD00B2AFCF /* ViewController.swift in Sources */ = {isa = PBXBuildFile; fileRef = 7A584E4227586FCD00B2AFCF /* ViewController.swift */; };
		7A584E4827586FD000B2AFCF /* Assets.xcassets in Resources */ = {isa = PBXBuildFile; fileRef = 7A584E4727586FD000B2AFCF /* Assets.xcassets */; };
		7A85F7E227649BEB003280CA /* CollisionConfigure.swift in Sources */ = {isa = PBXBuildFile; fileRef = 7A85F7E127649BEB003280CA /* CollisionConfigure.swift */; };
		7A85F7E427649C40003280CA /* ButtonConfigure.swift in Sources */ = {isa = PBXBuildFile; fileRef = 7A85F7E327649C40003280CA /* ButtonConfigure.swift */; };
		7A85F7E627649CDC003280CA /* Game.swift in Sources */ = {isa = PBXBuildFile; fileRef = 7A85F7E527649CDC003280CA /* Game.swift */; };
		7A85F7E927649D6A003280CA /* Start.swift in Sources */ = {isa = PBXBuildFile; fileRef = 7A85F7E827649D6A003280CA /* Start.swift */; };
		7A85F7EB27649DA0003280CA /* Restart.swift in Sources */ = {isa = PBXBuildFile; fileRef = 7A85F7EA27649DA0003280CA /* Restart.swift */; };
		7A85F82F2764CBF0003280CA /* SQLiteManager.swift in Sources */ = {isa = PBXBuildFile; fileRef = 7A85F82E2764CBF0003280CA /* SQLiteManager.swift */; };
		7A85F8312764CC04003280CA /* SqlOperator.swift in Sources */ = {isa = PBXBuildFile; fileRef = 7A85F8302764CC04003280CA /* SqlOperator.swift */; };
		7A85F8342764CC13003280CA /* libsqlite3.tbd in Frameworks */ = {isa = PBXBuildFile; fileRef = 7A85F8332764CC13003280CA /* libsqlite3.tbd */; };
		7A85F8392764CD64003280CA /* FirstLaunch.swift in Sources */ = {isa = PBXBuildFile; fileRef = 7A85F8382764CD64003280CA /* FirstLaunch.swift */; };
		C6487A68B5A92AE45EE8019E /* LaunchScreen.storyboard in Resources */ = {isa = PBXBuildFile; fileRef = C6487984CECE38870BC44E1D /* LaunchScreen.storyboard */; };
/* End PBXBuildFile section */

/* Begin PBXFileReference section */
		7A584E3B27586FCD00B2AFCF /* Airplane-Test.app */ = {isa = PBXFileReference; explicitFileType = wrapper.application; includeInIndex = 0; path = "Airplane-Test.app"; sourceTree = BUILT_PRODUCTS_DIR; };
		7A584E3E27586FCD00B2AFCF /* AppDelegate.swift */ = {isa = PBXFileReference; lastKnownFileType = sourcecode.swift; path = AppDelegate.swift; sourceTree = "<group>"; };
		7A584E4027586FCD00B2AFCF /* SceneDelegate.swift */ = {isa = PBXFileReference; lastKnownFileType = sourcecode.swift; path = SceneDelegate.swift; sourceTree = "<group>"; };
		7A584E4227586FCD00B2AFCF /* ViewController.swift */ = {isa = PBXFileReference; lastKnownFileType = sourcecode.swift; path = ViewController.swift; sourceTree = "<group>"; };
		7A584E4727586FD000B2AFCF /* Assets.xcassets */ = {isa = PBXFileReference; lastKnownFileType = folder.assetcatalog; path = Assets.xcassets; sourceTree = "<group>"; };
		7A584E4C27586FD000B2AFCF /* Info.plist */ = {isa = PBXFileReference; lastKnownFileType = text.plist.xml; path = Info.plist; sourceTree = "<group>"; };
		7A584E5227586FF100B2AFCF /* Airplane-Test.entitlements */ = {isa = PBXFileReference; lastKnownFileType = text.plist.entitlements; path = "Airplane-Test.entitlements"; sourceTree = "<group>"; };
		7A85F7E127649BEB003280CA /* CollisionConfigure.swift */ = {isa = PBXFileReference; lastKnownFileType = sourcecode.swift; path = CollisionConfigure.swift; sourceTree = "<group>"; };
		7A85F7E327649C40003280CA /* ButtonConfigure.swift */ = {isa = PBXFileReference; lastKnownFileType = sourcecode.swift; path = ButtonConfigure.swift; sourceTree = "<group>"; };
		7A85F7E527649CDC003280CA /* Game.swift */ = {isa = PBXFileReference; lastKnownFileType = sourcecode.swift; path = Game.swift; sourceTree = "<group>"; };
		7A85F7E827649D6A003280CA /* Start.swift */ = {isa = PBXFileReference; lastKnownFileType = sourcecode.swift; path = Start.swift; sourceTree = "<group>"; };
		7A85F7EA27649DA0003280CA /* Restart.swift */ = {isa = PBXFileReference; lastKnownFileType = sourcecode.swift; path = Restart.swift; sourceTree = "<group>"; };
		7A85F82E2764CBF0003280CA /* SQLiteManager.swift */ = {isa = PBXFileReference; lastKnownFileType = sourcecode.swift; path = SQLiteManager.swift; sourceTree = "<group>"; };
		7A85F8302764CC04003280CA /* SqlOperator.swift */ = {isa = PBXFileReference; lastKnownFileType = sourcecode.swift; path = SqlOperator.swift; sourceTree = "<group>"; };
		7A85F8332764CC13003280CA /* libsqlite3.tbd */ = {isa = PBXFileReference; lastKnownFileType = "sourcecode.text-based-dylib-definition"; name = libsqlite3.tbd; path = usr/lib/libsqlite3.tbd; sourceTree = SDKROOT; };
		7A85F8352764CCBA003280CA /* Airplane-Test-Bridging-Header.h */ = {isa = PBXFileReference; lastKnownFileType = sourcecode.c.h; path = "Airplane-Test-Bridging-Header.h"; sourceTree = "<group>"; };
		7A85F8382764CD64003280CA /* FirstLaunch.swift */ = {isa = PBXFileReference; lastKnownFileType = sourcecode.swift; path = FirstLaunch.swift; sourceTree = "<group>"; };
		C6487984CECE38870BC44E1D /* LaunchScreen.storyboard */ = {isa = PBXFileReference; lastKnownFileType = file.storyboard; path = LaunchScreen.storyboard; sourceTree = "<group>"; };
/* End PBXFileReference section */

/* Begin PBXFrameworksBuildPhase section */
		7A584E3827586FCD00B2AFCF /* Frameworks */ = {
			isa = PBXFrameworksBuildPhase;
			buildActionMask = 2147483647;
			files = (
				7A85F8342764CC13003280CA /* libsqlite3.tbd in Frameworks */,
			);
			runOnlyForDeploymentPostprocessing = 0;
		};
/* End PBXFrameworksBuildPhase section */

/* Begin PBXGroup section */
		7A584E3227586FCD00B2AFCF = {
			isa = PBXGroup;
			children = (
				7A584E3D27586FCD00B2AFCF /* Airplane-Test */,
				7A584E3C27586FCD00B2AFCF /* Products */,
				7A85F8322764CC13003280CA /* Frameworks */,
			);
			sourceTree = "<group>";
		};
		7A584E3C27586FCD00B2AFCF /* Products */ = {
			isa = PBXGroup;
			children = (
				7A584E3B27586FCD00B2AFCF /* Airplane-Test.app */,
			);
			name = Products;
			sourceTree = "<group>";
		};
		7A584E3D27586FCD00B2AFCF /* Airplane-Test */ = {
			isa = PBXGroup;
			children = (
				7A85F7EE27649FB6003280CA /* Delegate */,
				7A85F7ED27649F4B003280CA /* Resource */,
				7A85F7EC27649F1B003280CA /* Relevant */,
				C64874143D027E4EADBB645C /* StoryBoard */,
				7A584E4227586FCD00B2AFCF /* ViewController.swift */,
				7A85F7E127649BEB003280CA /* CollisionConfigure.swift */,
				7A85F7E327649C40003280CA /* ButtonConfigure.swift */,
				7A85F7E527649CDC003280CA /* Game.swift */,
				7A85F7E827649D6A003280CA /* Start.swift */,
				7A85F7EA27649DA0003280CA /* Restart.swift */,
				7A85F82E2764CBF0003280CA /* SQLiteManager.swift */,
				7A85F8302764CC04003280CA /* SqlOperator.swift */,
				7A85F8382764CD64003280CA /* FirstLaunch.swift */,
				7A85F8352764CCBA003280CA /* Airplane-Test-Bridging-Header.h */,
				7A584E4C27586FD000B2AFCF /* Info.plist */,
			);
			path = "Airplane-Test";
			sourceTree = "<group>";
		};
		7A85F7EC27649F1B003280CA /* Relevant */ = {
			isa = PBXGroup;
			children = (
				7A584E5227586FF100B2AFCF /* Airplane-Test.entitlements */,
			);
			path = Relevant;
			sourceTree = "<group>";
		};
		7A85F7ED27649F4B003280CA /* Resource */ = {
			isa = PBXGroup;
			children = (
				7A584E4727586FD000B2AFCF /* Assets.xcassets */,
			);
			path = Resource;
			sourceTree = "<group>";
		};
		7A85F7EE27649FB6003280CA /* Delegate */ = {
			isa = PBXGroup;
			children = (
				7A584E3E27586FCD00B2AFCF /* AppDelegate.swift */,
				7A584E4027586FCD00B2AFCF /* SceneDelegate.swift */,
			);
			path = Delegate;
			sourceTree = "<group>";
		};
		7A85F8322764CC13003280CA /* Frameworks */ = {
			isa = PBXGroup;
			children = (
				7A85F8332764CC13003280CA /* libsqlite3.tbd */,
			);
			name = Frameworks;
			sourceTree = "<group>";
		};
		C64874143D027E4EADBB645C /* StoryBoard */ = {
			isa = PBXGroup;
			children = (
				C6487984CECE38870BC44E1D /* LaunchScreen.storyboard */,
			);
			path = StoryBoard;
			sourceTree = "<group>";
		};
/* End PBXGroup section */

/* Begin PBXNativeTarget section */
		7A584E3A27586FCD00B2AFCF /* Airplane-Test */ = {
			isa = PBXNativeTarget;
			buildConfigurationList = 7A584E4F27586FD000B2AFCF /* Build configuration list for PBXNativeTarget "Airplane-Test" */;
			buildPhases = (
				7A584E3727586FCD00B2AFCF /* Sources */,
				7A584E3827586FCD00B2AFCF /* Frameworks */,
				7A584E3927586FCD00B2AFCF /* Resources */,
			);
			buildRules = (
			);
			dependencies = (
			);
			name = "Airplane-Test";
			productName = "Airplane-Test";
			productReference = 7A584E3B27586FCD00B2AFCF /* Airplane-Test.app */;
			productType = "com.apple.product-type.application";
		};
/* End PBXNativeTarget section */

/* Begin PBXProject section */
		7A584E3327586FCD00B2AFCF /* Project object */ = {
			isa = PBXProject;
			attributes = {
				BuildIndependentTargetsInParallel = 1;
				LastSwiftUpdateCheck = 1310;
				LastUpgradeCheck = 1310;
				TargetAttributes = {
					7A584E3A27586FCD00B2AFCF = {
						CreatedOnToolsVersion = 13.1;
						LastSwiftMigration = 1310;
					};
				};
			};
			buildConfigurationList = 7A584E3627586FCD00B2AFCF /* Build configuration list for PBXProject "Airplane-Test" */;
			compatibilityVersion = "Xcode 13.0";
			developmentRegion = en;
			hasScannedForEncodings = 0;
			knownRegions = (
				en,
				Base,
			);
			mainGroup = 7A584E3227586FCD00B2AFCF;
			productRefGroup = 7A584E3C27586FCD00B2AFCF /* Products */;
			projectDirPath = "";
			projectRoot = "";
			targets = (
				7A584E3A27586FCD00B2AFCF /* Airplane-Test */,
			);
		};
/* End PBXProject section */

/* Begin PBXResourcesBuildPhase section */
		7A584E3927586FCD00B2AFCF /* Resources */ = {
			isa = PBXResourcesBuildPhase;
			buildActionMask = 2147483647;
			files = (
				7A584E4827586FD000B2AFCF /* Assets.xcassets in Resources */,
				C6487A68B5A92AE45EE8019E /* LaunchScreen.storyboard in Resources */,
			);
			runOnlyForDeploymentPostprocessing = 0;
		};
/* End PBXResourcesBuildPhase section */

/* Begin PBXSourcesBuildPhase section */
		7A584E3727586FCD00B2AFCF /* Sources */ = {
			isa = PBXSourcesBuildPhase;
			buildActionMask = 2147483647;
			files = (
				7A584E4327586FCD00B2AFCF /* ViewController.swift in Sources */,
				7A85F8392764CD64003280CA /* FirstLaunch.swift in Sources */,
				7A85F7E627649CDC003280CA /* Game.swift in Sources */,
				7A85F7E927649D6A003280CA /* Start.swift in Sources */,
				7A584E3F27586FCD00B2AFCF /* AppDelegate.swift in Sources */,
				7A85F7E427649C40003280CA /* ButtonConfigure.swift in Sources */,
				7A85F7EB27649DA0003280CA /* Restart.swift in Sources */,
				7A85F82F2764CBF0003280CA /* SQLiteManager.swift in Sources */,
				7A85F8312764CC04003280CA /* SqlOperator.swift in Sources */,
				7A85F7E227649BEB003280CA /* CollisionConfigure.swift in Sources */,
				7A584E4127586FCD00B2AFCF /* SceneDelegate.swift in Sources */,
			);
			runOnlyForDeploymentPostprocessing = 0;
		};
/* End PBXSourcesBuildPhase section */

/* Begin XCBuildConfiguration section */
		7A584E4D27586FD000B2AFCF /* Debug */ = {
			isa = XCBuildConfiguration;
			buildSettings = {
				ALWAYS_SEARCH_USER_PATHS = NO;
				CLANG_ANALYZER_NONNULL = YES;
				CLANG_ANALYZER_NUMBER_OBJECT_CONVERSION = YES_AGGRESSIVE;
				CLANG_CXX_LANGUAGE_STANDARD = "gnu++17";
				CLANG_CXX_LIBRARY = "libc++";
				CLANG_ENABLE_MODULES = YES;
				CLANG_ENABLE_OBJC_ARC = YES;
				CLANG_ENABLE_OBJC_WEAK = YES;
				CLANG_WARN_BLOCK_CAPTURE_AUTORELEASING = YES;
				CLANG_WARN_BOOL_CONVERSION = YES;
				CLANG_WARN_COMMA = YES;
				CLANG_WARN_CONSTANT_CONVERSION = YES;
				CLANG_WARN_DEPRECATED_OBJC_IMPLEMENTATIONS = YES;
				CLANG_WARN_DIRECT_OBJC_ISA_USAGE = YES_ERROR;
				CLANG_WARN_DOCUMENTATION_COMMENTS = YES;
				CLANG_WARN_EMPTY_BODY = YES;
				CLANG_WARN_ENUM_CONVERSION = YES;
				CLANG_WARN_INFINITE_RECURSION = YES;
				CLANG_WARN_INT_CONVERSION = YES;
				CLANG_WARN_NON_LITERAL_NULL_CONVERSION = YES;
				CLANG_WARN_OBJC_IMPLICIT_RETAIN_SELF = YES;
				CLANG_WARN_OBJC_LITERAL_CONVERSION = YES;
				CLANG_WARN_OBJC_ROOT_CLASS = YES_ERROR;
				CLANG_WARN_QUOTED_INCLUDE_IN_FRAMEWORK_HEADER = YES;
				CLANG_WARN_RANGE_LOOP_ANALYSIS = YES;
				CLANG_WARN_STRICT_PROTOTYPES = YES;
				CLANG_WARN_SUSPICIOUS_MOVE = YES;
				CLANG_WARN_UNGUARDED_AVAILABILITY = YES_AGGRESSIVE;
				CLANG_WARN_UNREACHABLE_CODE = YES;
				CLANG_WARN__DUPLICATE_METHOD_MATCH = YES;
				COPY_PHASE_STRIP = NO;
				DEBUG_INFORMATION_FORMAT = dwarf;
				ENABLE_STRICT_OBJC_MSGSEND = YES;
				ENABLE_TESTABILITY = YES;
				GCC_C_LANGUAGE_STANDARD = gnu11;
				GCC_DYNAMIC_NO_PIC = NO;
				GCC_NO_COMMON_BLOCKS = YES;
				GCC_OPTIMIZATION_LEVEL = 0;
				GCC_PREPROCESSOR_DEFINITIONS = (
					"DEBUG=1",
					"$(inherited)",
				);
				GCC_WARN_64_TO_32_BIT_CONVERSION = YES;
				GCC_WARN_ABOUT_RETURN_TYPE = YES_ERROR;
				GCC_WARN_UNDECLARED_SELECTOR = YES;
				GCC_WARN_UNINITIALIZED_AUTOS = YES_AGGRESSIVE;
				GCC_WARN_UNUSED_FUNCTION = YES;
				GCC_WARN_UNUSED_VARIABLE = YES;
				IPHONEOS_DEPLOYMENT_TARGET = 13.0;
				MTL_ENABLE_DEBUG_INFO = INCLUDE_SOURCE;
				MTL_FAST_MATH = YES;
				ONLY_ACTIVE_ARCH = YES;
				SDKROOT = iphoneos;
				SWIFT_ACTIVE_COMPILATION_CONDITIONS = DEBUG;
				SWIFT_OPTIMIZATION_LEVEL = "-Onone";
			};
			name = Debug;
		};
		7A584E4E27586FD000B2AFCF /* Release */ = {
			isa = XCBuildConfiguration;
			buildSettings = {
				ALWAYS_SEARCH_USER_PATHS = NO;
				CLANG_ANALYZER_NONNULL = YES;
				CLANG_ANALYZER_NUMBER_OBJECT_CONVERSION = YES_AGGRESSIVE;
				CLANG_CXX_LANGUAGE_STANDARD = "gnu++17";
				CLANG_CXX_LIBRARY = "libc++";
				CLANG_ENABLE_MODULES = YES;
				CLANG_ENABLE_OBJC_ARC = YES;
				CLANG_ENABLE_OBJC_WEAK = YES;
				CLANG_WARN_BLOCK_CAPTURE_AUTORELEASING = YES;
				CLANG_WARN_BOOL_CONVERSION = YES;
				CLANG_WARN_COMMA = YES;
				CLANG_WARN_CONSTANT_CONVERSION = YES;
				CLANG_WARN_DEPRECATED_OBJC_IMPLEMENTATIONS = YES;
				CLANG_WARN_DIRECT_OBJC_ISA_USAGE = YES_ERROR;
				CLANG_WARN_DOCUMENTATION_COMMENTS = YES;
				CLANG_WARN_EMPTY_BODY = YES;
				CLANG_WARN_ENUM_CONVERSION = YES;
				CLANG_WARN_INFINITE_RECURSION = YES;
				CLANG_WARN_INT_CONVERSION = YES;
				CLANG_WARN_NON_LITERAL_NULL_CONVERSION = YES;
				CLANG_WARN_OBJC_IMPLICIT_RETAIN_SELF = YES;
				CLANG_WARN_OBJC_LITERAL_CONVERSION = YES;
				CLANG_WARN_OBJC_ROOT_CLASS = YES_ERROR;
				CLANG_WARN_QUOTED_INCLUDE_IN_FRAMEWORK_HEADER = YES;
				CLANG_WARN_RANGE_LOOP_ANALYSIS = YES;
				CLANG_WARN_STRICT_PROTOTYPES = YES;
				CLANG_WARN_SUSPICIOUS_MOVE = YES;
				CLANG_WARN_UNGUARDED_AVAILABILITY = YES_AGGRESSIVE;
				CLANG_WARN_UNREACHABLE_CODE = YES;
				CLANG_WARN__DUPLICATE_METHOD_MATCH = YES;
				COPY_PHASE_STRIP = NO;
				DEBUG_INFORMATION_FORMAT = "dwarf-with-dsym";
				ENABLE_NS_ASSERTIONS = NO;
				ENABLE_STRICT_OBJC_MSGSEND = YES;
				GCC_C_LANGUAGE_STANDARD = gnu11;
				GCC_NO_COMMON_BLOCKS = YES;
				GCC_WARN_64_TO_32_BIT_CONVERSION = YES;
				GCC_WARN_ABOUT_RETURN_TYPE = YES_ERROR;
				GCC_WARN_UNDECLARED_SELECTOR = YES;
				GCC_WARN_UNINITIALIZED_AUTOS = YES_AGGRESSIVE;
				GCC_WARN_UNUSED_FUNCTION = YES;
				GCC_WARN_UNUSED_VARIABLE = YES;
				IPHONEOS_DEPLOYMENT_TARGET = 13.0;
				MTL_ENABLE_DEBUG_INFO = NO;
				MTL_FAST_MATH = YES;
				SDKROOT = iphoneos;
				SWIFT_COMPILATION_MODE = wholemodule;
				SWIFT_OPTIMIZATION_LEVEL = "-O";
				VALIDATE_PRODUCT = YES;
			};
			name = Release;
		};
		7A584E5027586FD000B2AFCF /* Debug */ = {
			isa = XCBuildConfiguration;
			buildSettings = {
				ASSETCATALOG_COMPILER_APPICON_NAME = AppIcon;
				ASSETCATALOG_COMPILER_GLOBAL_ACCENT_COLOR_NAME = AccentColor;
				CLANG_ENABLE_MODULES = YES;
				CODE_SIGN_ENTITLEMENTS = "Airplane-Test/Airplane-Test.entitlements";
				CODE_SIGN_STYLE = Automatic;
				CURRENT_PROJECT_VERSION = 1;
				DEVELOPMENT_TEAM = J848DTSBF7;
				GENERATE_INFOPLIST_FILE = YES;
				INFOPLIST_FILE = "Airplane-Test/Info.plist";
				INFOPLIST_KEY_UIApplicationSupportsIndirectInputEvents = YES;
				INFOPLIST_KEY_UILaunchStoryboardName = LaunchScreen;
				INFOPLIST_KEY_UISupportedInterfaceOrientations_iPad = "UIInterfaceOrientationLandscapeLeft UIInterfaceOrientationLandscapeRight";
				INFOPLIST_KEY_UISupportedInterfaceOrientations_iPhone = "UIInterfaceOrientationLandscapeLeft UIInterfaceOrientationLandscapeRight";
				IPHONEOS_DEPLOYMENT_TARGET = 13.0;
				LD_RUNPATH_SEARCH_PATHS = (
					"$(inherited)",
					"@executable_path/Frameworks",
				);
				MARKETING_VERSION = 1.0;
				PRODUCT_BUNDLE_IDENTIFIER = "com.lagrange1813.Airplane-Test";
				PRODUCT_NAME = "$(TARGET_NAME)";
				SUPPORTS_MACCATALYST = NO;
				SWIFT_EMIT_LOC_STRINGS = YES;
				SWIFT_OBJC_BRIDGING_HEADER = "Airplane-Test/Airplane-Test-Bridging-Header.h";
				SWIFT_OPTIMIZATION_LEVEL = "-Onone";
				SWIFT_VERSION = 5.0;
				TARGETED_DEVICE_FAMILY = "1,2";
			};
			name = Debug;
		};
		7A584E5127586FD000B2AFCF /* Release */ = {
			isa = XCBuildConfiguration;
			buildSettings = {
				ASSETCATALOG_COMPILER_APPICON_NAME = AppIcon;
				ASSETCATALOG_COMPILER_GLOBAL_ACCENT_COLOR_NAME = AccentColor;
				CLANG_ENABLE_MODULES = YES;
				CODE_SIGN_ENTITLEMENTS = "Airplane-Test/Airplane-Test.entitlements";
				CODE_SIGN_STYLE = Automatic;
				CURRENT_PROJECT_VERSION = 1;
				DEVELOPMENT_TEAM = J848DTSBF7;
				GENERATE_INFOPLIST_FILE = YES;
				INFOPLIST_FILE = "Airplane-Test/Info.plist";
				INFOPLIST_KEY_UIApplicationSupportsIndirectInputEvents = YES;
				INFOPLIST_KEY_UILaunchStoryboardName = LaunchScreen;
				INFOPLIST_KEY_UISupportedInterfaceOrientations_iPad = "UIInterfaceOrientationLandscapeLeft UIInterfaceOrientationLandscapeRight";
				INFOPLIST_KEY_UISupportedInterfaceOrientations_iPhone = "UIInterfaceOrientationLandscapeLeft UIInterfaceOrientationLandscapeRight";
				IPHONEOS_DEPLOYMENT_TARGET = 13.0;
				LD_RUNPATH_SEARCH_PATHS = (
					"$(inherited)",
					"@executable_path/Frameworks",
				);
				MARKETING_VERSION = 1.0;
				PRODUCT_BUNDLE_IDENTIFIER = "com.lagrange1813.Airplane-Test";
				PRODUCT_NAME = "$(TARGET_NAME)";
				SUPPORTS_MACCATALYST = NO;
				SWIFT_EMIT_LOC_STRINGS = YES;
				SWIFT_OBJC_BRIDGING_HEADER = "Airplane-Test/Airplane-Test-Bridging-Header.h";
				SWIFT_VERSION = 5.0;
				TARGETED_DEVICE_FAMILY = "1,2";
			};
			name = Release;
		};
/* End XCBuildConfiguration section */

/* Begin XCConfigurationList section */
		7A584E3627586FCD00B2AFCF /* Build configuration list for PBXProject "Airplane-Test" */ = {
			isa = XCConfigurationList;
			buildConfigurations = (
				7A584E4D27586FD000B2AFCF /* Debug */,
				7A584E4E27586FD000B2AFCF /* Release */,
			);
			defaultConfigurationIsVisible = 0;
			defaultConfigurationName = Release;
		};
		7A584E4F27586FD000B2AFCF /* Build configuration list for PBXNativeTarget "Airplane-Test" */ = {
			isa = XCConfigurationList;
			buildConfigurations = (
				7A584E5027586FD000B2AFCF /* Debug */,
				7A584E5127586FD000B2AFCF /* Release */,
			);
			defaultConfigurationIsVisible = 0;
			defaultConfigurationName = Release;
		};
/* End XCConfigurationList section */
	};
	rootObject = 7A584E3327586FCD00B2AFCF /* Project object */;
}
