// !$*UTF8*$!
{
	archiveVersion = 1;
	classes = {
	};
	objectVersion = 55;
	objects = {

/* Begin PBXBuildFile section */
		7A584E3F27586FCD00B2AFCF /* AppDelegate.swift in Sources */ = {isa = PBXBuildFile; fileRef = 7A584E3E27586FCD00B2AFCF /* AppDelegate.swift */; };
		7A584E4127586FCD00B2AFCF /* SceneDelegate.swift in Sources */ = {isa = PBXBuildFile; fileRef = 7A584E4027586FCD00B2AFCF /* SceneDelegate.swift */; };
		7A584E4327586FCD00B2AFCF /* ViewController.swift in Sources */ = {isa = PBXBuildFile; fileRef = 7A584E4227586FCD00B2AFCF /* ViewController.swift */; };
		7A584E4827586FD000B2AFCF /* Assets.xcassets in Resources */ = {isa = PBXBuildFile; fileRef = 7A584E4727586FD000B2AFCF /* Assets.xcassets */; };
		7A584E4B27586FD000B2AFCF /* LaunchScreen.storyboard in Resources */ = {isa = PBXBuildFile; fileRef = 7A584E4927586FD000B2AFCF /* LaunchScreen.storyboard */; };
		969E2544EE3804AC8EC8F3F9 /* Pods_Airplane_Test.framework in Frameworks */ = {isa = PBXBuildFile; fileRef = 7E6D8B138D08A86309A93D23 /* Pods_Airplane_Test.framework */; };
/* End PBXBuildFile section */

/* Begin PBXFileReference section */
		3CAFEDA9F80343B93707221A /* Pods-Airplane-Test.debug.xcconfig */ = {isa = PBXFileReference; includeInIndex = 1; lastKnownFileType = text.xcconfig; name = "Pods-Airplane-Test.debug.xcconfig"; path = "Target Support Files/Pods-Airplane-Test/Pods-Airplane-Test.debug.xcconfig"; sourceTree = "<group>"; };
		7A584E3B27586FCD00B2AFCF /* Airplane-Test.app */ = {isa = PBXFileReference; explicitFileType = wrapper.application; includeInIndex = 0; path = "Airplane-Test.app"; sourceTree = BUILT_PRODUCTS_DIR; };
		7A584E3E27586FCD00B2AFCF /* AppDelegate.swift */ = {isa = PBXFileReference; lastKnownFileType = sourcecode.swift; path = AppDelegate.swift; sourceTree = "<group>"; };
		7A584E4027586FCD00B2AFCF /* SceneDelegate.swift */ = {isa = PBXFileReference; lastKnownFileType = sourcecode.swift; path = SceneDelegate.swift; sourceTree = "<group>"; };
		7A584E4227586FCD00B2AFCF /* ViewController.swift */ = {isa = PBXFileReference; lastKnownFileType = sourcecode.swift; path = ViewController.swift; sourceTree = "<group>"; };
		7A584E4727586FD000B2AFCF /* Assets.xcassets */ = {isa = PBXFileReference; lastKnownFileType = folder.assetcatalog; path = Assets.xcassets; sourceTree = "<group>"; };
		7A584E4A27586FD000B2AFCF /* Base */ = {isa = PBXFileReference; lastKnownFileType = file.storyboard; name = Base; path = Base.lproj/LaunchScreen.storyboard; sourceTree = "<group>"; };
		7A584E4C27586FD000B2AFCF /* Info.plist */ = {isa = PBXFileReference; lastKnownFileType = text.plist.xml; path = Info.plist; sourceTree = "<group>"; };
		7A584E5227586FF100B2AFCF /* Airplane-Test.entitlements */ = {isa = PBXFileReference; lastKnownFileType = text.plist.entitlements; path = "Airplane-Test.entitlements"; sourceTree = "<group>"; };
		7E6D8B138D08A86309A93D23 /* Pods_Airplane_Test.framework */ = {isa = PBXFileReference; explicitFileType = wrapper.framework; includeInIndex = 0; path = Pods_Airplane_Test.framework; sourceTree = BUILT_PRODUCTS_DIR; };
		9309E8C5B5944574CF954EEB /* Pods-Airplane-Test.release.xcconfig */ = {isa = PBXFileReference; includeInIndex = 1; lastKnownFileType = text.xcconfig; name = "Pods-Airplane-Test.release.xcconfig"; path = "Target Support Files/Pods-Airplane-Test/Pods-Airplane-Test.release.xcconfig"; sourceTree = "<group>"; };
/* End PBXFileReference section */

/* Begin PBXFrameworksBuildPhase section */
		7A584E3827586FCD00B2AFCF /* Frameworks */ = {
			isa = PBXFrameworksBuildPhase;
			buildActionMask = 2147483647;
			files = (
				969E2544EE3804AC8EC8F3F9 /* Pods_Airplane_Test.framework in Frameworks */,
			);
			runOnlyForDeploymentPostprocessing = 0;
		};
/* End PBXFrameworksBuildPhase section */

/* Begin PBXGroup section */
		36593885D7159A1CE69488AE /* Frameworks */ = {
			isa = PBXGroup;
			children = (
				7E6D8B138D08A86309A93D23 /* Pods_Airplane_Test.framework */,
			);
			name = Frameworks;
			sourceTree = "<group>";
		};
		7A584E3227586FCD00B2AFCF = {
			isa = PBXGroup;
			children = (
				7A584E3D27586FCD00B2AFCF /* Airplane-Test */,
				7A584E3C27586FCD00B2AFCF /* Products */,
				7C211E095F1C2ECEF16742B3 /* Pods */,
				36593885D7159A1CE69488AE /* Frameworks */,
			);
			sourceTree = "<group>";
		};
		7A584E3C27586FCD00B2AFCF /* Products */ = {
			isa = PBXGroup;
			children = (
				7A584E3B27586FCD00B2AFCF /* Airplane-Test.app */,
			);
			name = Products;
			sourceTree = "<group>";
		};
		7A584E3D27586FCD00B2AFCF /* Airplane-Test */ = {
			isa = PBXGroup;
			children = (
				7A584E5227586FF100B2AFCF /* Airplane-Test.entitlements */,
				7A584E3E27586FCD00B2AFCF /* AppDelegate.swift */,
				7A584E4027586FCD00B2AFCF /* SceneDelegate.swift */,
				7A584E4227586FCD00B2AFCF /* ViewController.swift */,
				7A584E4727586FD000B2AFCF /* Assets.xcassets */,
				7A584E4927586FD000B2AFCF /* LaunchScreen.storyboard */,
				7A584E4C27586FD000B2AFCF /* Info.plist */,
			);
			path = "Airplane-Test";
			sourceTree = "<group>";
		};
		7C211E095F1C2ECEF16742B3 /* Pods */ = {
			isa = PBXGroup;
			children = (
				3CAFEDA9F80343B93707221A /* Pods-Airplane-Test.debug.xcconfig */,
				9309E8C5B5944574CF954EEB /* Pods-Airplane-Test.release.xcconfig */,
			);
			path = Pods;
			sourceTree = "<group>";
		};
/* End PBXGroup section */

/* Begin PBXNativeTarget section */
		7A584E3A27586FCD00B2AFCF /* Airplane-Test */ = {
			isa = PBXNativeTarget;
			buildConfigurationList = 7A584E4F27586FD000B2AFCF /* Build configuration list for PBXNativeTarget "Airplane-Test" */;
			buildPhases = (
				171053339BD5ADF4CEB49496 /* [CP] Check Pods Manifest.lock */,
				7A584E3727586FCD00B2AFCF /* Sources */,
				7A584E3827586FCD00B2AFCF /* Frameworks */,
				7A584E3927586FCD00B2AFCF /* Resources */,
				43C4D50CE1457063130B91AB /* [CP] Embed Pods Frameworks */,
			);
			buildRules = (
			);
			dependencies = (
			);
			name = "Airplane-Test";
			productName = "Airplane-Test";
			productReference = 7A584E3B27586FCD00B2AFCF /* Airplane-Test.app */;
			productType = "com.apple.product-type.application";
		};
/* End PBXNativeTarget section */

/* Begin PBXProject section */
		7A584E3327586FCD00B2AFCF /* Project object */ = {
			isa = PBXProject;
			attributes = {
				BuildIndependentTargetsInParallel = 1;
				LastSwiftUpdateCheck = 1310;
				LastUpgradeCheck = 1310;
				TargetAttributes = {
					7A584E3A27586FCD00B2AFCF = {
						CreatedOnToolsVersion = 13.1;
					};
				};
			};
			buildConfigurationList = 7A584E3627586FCD00B2AFCF /* Build configuration list for PBXProject "Airplane-Test" */;
			compatibilityVersion = "Xcode 13.0";
			developmentRegion = en;
			hasScannedForEncodings = 0;
			knownRegions = (
				en,
				Base,
			);
			mainGroup = 7A584E3227586FCD00B2AFCF;
			productRefGroup = 7A584E3C27586FCD00B2AFCF /* Products */;
			projectDirPath = "";
			projectRoot = "";
			targets = (
				7A584E3A27586FCD00B2AFCF /* Airplane-Test */,
			);
		};
/* End PBXProject section */

/* Begin PBXResourcesBuildPhase section */
		7A584E3927586FCD00B2AFCF /* Resources */ = {
			isa = PBXResourcesBuildPhase;
			buildActionMask = 2147483647;
			files = (
				7A584E4B27586FD000B2AFCF /* LaunchScreen.storyboard in Resources */,
				7A584E4827586FD000B2AFCF /* Assets.xcassets in Resources */,
			);
			runOnlyForDeploymentPostprocessing = 0;
		};
/* End PBXResourcesBuildPhase section */

/* Begin PBXShellScriptBuildPhase section */
		171053339BD5ADF4CEB49496 /* [CP] Check Pods Manifest.lock */ = {
			isa = PBXShellScriptBuildPhase;
			buildActionMask = 2147483647;
			files = (
			);
			inputFileListPaths = (
			);
			inputPaths = (
				"${PODS_PODFILE_DIR_PATH}/Podfile.lock",
				"${PODS_ROOT}/Manifest.lock",
			);
			name = "[CP] Check Pods Manifest.lock";
			outputFileListPaths = (
			);
			outputPaths = (
				"$(DERIVED_FILE_DIR)/Pods-Airplane-Test-checkManifestLockResult.txt",
			);
			runOnlyForDeploymentPostprocessing = 0;
			shellPath = /bin/sh;
			shellScript = "diff \"${PODS_PODFILE_DIR_PATH}/Podfile.lock\" \"${PODS_ROOT}/Manifest.lock\" > /dev/null\nif [ $? != 0 ] ; then\n    # print error to STDERR\n    echo \"error: The sandbox is not in sync with the Podfile.lock. Run 'pod install' or update your CocoaPods installation.\" >&2\n    exit 1\nfi\n# This output is used by Xcode 'outputs' to avoid re-running this script phase.\necho \"SUCCESS\" > \"${SCRIPT_OUTPUT_FILE_0}\"\n";
			showEnvVarsInLog = 0;
		};
		43C4D50CE1457063130B91AB /* [CP] Embed Pods Frameworks */ = {
			isa = PBXShellScriptBuildPhase;
			buildActionMask = 2147483647;
			files = (
			);
			inputFileListPaths = (
				"${PODS_ROOT}/Target Support Files/Pods-Airplane-Test/Pods-Airplane-Test-frameworks-${CONFIGURATION}-input-files.xcfilelist",
			);
			name = "[CP] Embed Pods Frameworks";
			outputFileListPaths = (
				"${PODS_ROOT}/Target Support Files/Pods-Airplane-Test/Pods-Airplane-Test-frameworks-${CONFIGURATION}-output-files.xcfilelist",
			);
			runOnlyForDeploymentPostprocessing = 0;
			shellPath = /bin/sh;
			shellScript = "\"${PODS_ROOT}/Target Support Files/Pods-Airplane-Test/Pods-Airplane-Test-frameworks.sh\"\n";
			showEnvVarsInLog = 0;
		};
/* End PBXShellScriptBuildPhase section */

/* Begin PBXSourcesBuildPhase section */
		7A584E3727586FCD00B2AFCF /* Sources */ = {
			isa = PBXSourcesBuildPhase;
			buildActionMask = 2147483647;
			files = (
				7A584E4327586FCD00B2AFCF /* ViewController.swift in Sources */,
				7A584E3F27586FCD00B2AFCF /* AppDelegate.swift in Sources */,
				7A584E4127586FCD00B2AFCF /* SceneDelegate.swift in Sources */,
			);
			runOnlyForDeploymentPostprocessing = 0;
		};
/* End PBXSourcesBuildPhase section */

/* Begin PBXVariantGroup section */
		7A584E4927586FD000B2AFCF /* LaunchScreen.storyboard */ = {
			isa = PBXVariantGroup;
			children = (
				7A584E4A27586FD000B2AFCF /* Base */,
			);
			name = LaunchScreen.storyboard;
			sourceTree = "<group>";
		};
/* End PBXVariantGroup section */

/* Begin XCBuildConfiguration section */
		7A584E4D27586FD000B2AFCF /* Debug */ = {
			isa = XCBuildConfiguration;
			buildSettings = {
				ALWAYS_SEARCH_USER_PATHS = NO;
				CLANG_ANALYZER_NONNULL = YES;
				CLANG_ANALYZER_NUMBER_OBJECT_CONVERSION = YES_AGGRESSIVE;
				CLANG_CXX_LANGUAGE_STANDARD = "gnu++17";
				CLANG_CXX_LIBRARY = "libc++";
				CLANG_ENABLE_MODULES = YES;
				CLANG_ENABLE_OBJC_ARC = YES;
				CLANG_ENABLE_OBJC_WEAK = YES;
				CLANG_WARN_BLOCK_CAPTURE_AUTORELEASING = YES;
				CLANG_WARN_BOOL_CONVERSION = YES;
				CLANG_WARN_COMMA = YES;
				CLANG_WARN_CONSTANT_CONVERSION = YES;
				CLANG_WARN_DEPRECATED_OBJC_IMPLEMENTATIONS = YES;
				CLANG_WARN_DIRECT_OBJC_ISA_USAGE = YES_ERROR;
				CLANG_WARN_DOCUMENTATION_COMMENTS = YES;
				CLANG_WARN_EMPTY_BODY = YES;
				CLANG_WARN_ENUM_CONVERSION = YES;
				CLANG_WARN_INFINITE_RECURSION = YES;
				CLANG_WARN_INT_CONVERSION = YES;
				CLANG_WARN_NON_LITERAL_NULL_CONVERSION = YES;
				CLANG_WARN_OBJC_IMPLICIT_RETAIN_SELF = YES;
				CLANG_WARN_OBJC_LITERAL_CONVERSION = YES;
				CLANG_WARN_OBJC_ROOT_CLASS = YES_ERROR;
				CLANG_WARN_QUOTED_INCLUDE_IN_FRAMEWORK_HEADER = YES;
				CLANG_WARN_RANGE_LOOP_ANALYSIS = YES;
				CLANG_WARN_STRICT_PROTOTYPES = YES;
				CLANG_WARN_SUSPICIOUS_MOVE = YES;
				CLANG_WARN_UNGUARDED_AVAILABILITY = YES_AGGRESSIVE;
				CLANG_WARN_UNREACHABLE_CODE = YES;
				CLANG_WARN__DUPLICATE_METHOD_MATCH = YES;
				COPY_PHASE_STRIP = NO;
				DEBUG_INFORMATION_FORMAT = dwarf;
				ENABLE_STRICT_OBJC_MSGSEND = YES;
				ENABLE_TESTABILITY = YES;
				GCC_C_LANGUAGE_STANDARD = gnu11;
				GCC_DYNAMIC_NO_PIC = NO;
				GCC_NO_COMMON_BLOCKS = YES;
				GCC_OPTIMIZATION_LEVEL = 0;
				GCC_PREPROCESSOR_DEFINITIONS = (
					"DEBUG=1",
					"$(inherited)",
				);
				GCC_WARN_64_TO_32_BIT_CONVERSION = YES;
				GCC_WARN_ABOUT_RETURN_TYPE = YES_ERROR;
				GCC_WARN_UNDECLARED_SELECTOR = YES;
				GCC_WARN_UNINITIALIZED_AUTOS = YES_AGGRESSIVE;
				GCC_WARN_UNUSED_FUNCTION = YES;
				GCC_WARN_UNUSED_VARIABLE = YES;
				IPHONEOS_DEPLOYMENT_TARGET = 13.0;
				MTL_ENABLE_DEBUG_INFO = INCLUDE_SOURCE;
				MTL_FAST_MATH = YES;
				ONLY_ACTIVE_ARCH = YES;
				SDKROOT = iphoneos;
				SWIFT_ACTIVE_COMPILATION_CONDITIONS = DEBUG;
				SWIFT_OPTIMIZATION_LEVEL = "-Onone";
			};
			name = Debug;
		};
		7A584E4E27586FD000B2AFCF /* Release */ = {
			isa = XCBuildConfiguration;
			buildSettings = {
				ALWAYS_SEARCH_USER_PATHS = NO;
				CLANG_ANALYZER_NONNULL = YES;
				CLANG_ANALYZER_NUMBER_OBJECT_CONVERSION = YES_AGGRESSIVE;
				CLANG_CXX_LANGUAGE_STANDARD = "gnu++17";
				CLANG_CXX_LIBRARY = "libc++";
				CLANG_ENABLE_MODULES = YES;
				CLANG_ENABLE_OBJC_ARC = YES;
				CLANG_ENABLE_OBJC_WEAK = YES;
				CLANG_WARN_BLOCK_CAPTURE_AUTORELEASING = YES;
				CLANG_WARN_BOOL_CONVERSION = YES;
				CLANG_WARN_COMMA = YES;
				CLANG_WARN_CONSTANT_CONVERSION = YES;
				CLANG_WARN_DEPRECATED_OBJC_IMPLEMENTATIONS = YES;
				CLANG_WARN_DIRECT_OBJC_ISA_USAGE = YES_ERROR;
				CLANG_WARN_DOCUMENTATION_COMMENTS = YES;
				CLANG_WARN_EMPTY_BODY = YES;
				CLANG_WARN_ENUM_CONVERSION = YES;
				CLANG_WARN_INFINITE_RECURSION = YES;
				CLANG_WARN_INT_CONVERSION = YES;
				CLANG_WARN_NON_LITERAL_NULL_CONVERSION = YES;
				CLANG_WARN_OBJC_IMPLICIT_RETAIN_SELF = YES;
				CLANG_WARN_OBJC_LITERAL_CONVERSION = YES;
				CLANG_WARN_OBJC_ROOT_CLASS = YES_ERROR;
				CLANG_WARN_QUOTED_INCLUDE_IN_FRAMEWORK_HEADER = YES;
				CLANG_WARN_RANGE_LOOP_ANALYSIS = YES;
				CLANG_WARN_STRICT_PROTOTYPES = YES;
				CLANG_WARN_SUSPICIOUS_MOVE = YES;
				CLANG_WARN_UNGUARDED_AVAILABILITY = YES_AGGRESSIVE;
				CLANG_WARN_UNREACHABLE_CODE = YES;
				CLANG_WARN__DUPLICATE_METHOD_MATCH = YES;
				COPY_PHASE_STRIP = NO;
				DEBUG_INFORMATION_FORMAT = "dwarf-with-dsym";
				ENABLE_NS_ASSERTIONS = NO;
				ENABLE_STRICT_OBJC_MSGSEND = YES;
				GCC_C_LANGUAGE_STANDARD = gnu11;
				GCC_NO_COMMON_BLOCKS = YES;
				GCC_WARN_64_TO_32_BIT_CONVERSION = YES;
				GCC_WARN_ABOUT_RETURN_TYPE = YES_ERROR;
				GCC_WARN_UNDECLARED_SELECTOR = YES;
				GCC_WARN_UNINITIALIZED_AUTOS = YES_AGGRESSIVE;
				GCC_WARN_UNUSED_FUNCTION = YES;
				GCC_WARN_UNUSED_VARIABLE = YES;
				IPHONEOS_DEPLOYMENT_TARGET = 13.0;
				MTL_ENABLE_DEBUG_INFO = NO;
				MTL_FAST_MATH = YES;
				SDKROOT = iphoneos;
				SWIFT_COMPILATION_MODE = wholemodule;
				SWIFT_OPTIMIZATION_LEVEL = "-O";
				VALIDATE_PRODUCT = YES;
			};
			name = Release;
		};
		7A584E5027586FD000B2AFCF /* Debug */ = {
			isa = XCBuildConfiguration;
			baseConfigurationReference = 3CAFEDA9F80343B93707221A /* Pods-Airplane-Test.debug.xcconfig */;
			buildSettings = {
				ASSETCATALOG_COMPILER_APPICON_NAME = AppIcon;
				ASSETCATALOG_COMPILER_GLOBAL_ACCENT_COLOR_NAME = AccentColor;
				CODE_SIGN_ENTITLEMENTS = "Airplane-Test/Airplane-Test.entitlements";
				CODE_SIGN_STYLE = Automatic;
				CURRENT_PROJECT_VERSION = 1;
				DEVELOPMENT_TEAM = J848DTSBF7;
				GENERATE_INFOPLIST_FILE = YES;
				INFOPLIST_FILE = "Airplane-Test/Info.plist";
				INFOPLIST_KEY_UIApplicationSupportsIndirectInputEvents = YES;
				INFOPLIST_KEY_UILaunchStoryboardName = LaunchScreen;
				INFOPLIST_KEY_UISupportedInterfaceOrientations_iPad = "UIInterfaceOrientationLandscapeLeft UIInterfaceOrientationLandscapeRight";
				INFOPLIST_KEY_UISupportedInterfaceOrientations_iPhone = "UIInterfaceOrientationLandscapeLeft UIInterfaceOrientationLandscapeRight";
				IPHONEOS_DEPLOYMENT_TARGET = 13.0;
				LD_RUNPATH_SEARCH_PATHS = (
					"$(inherited)",
					"@executable_path/Frameworks",
				);
				MARKETING_VERSION = 1.0;
				PRODUCT_BUNDLE_IDENTIFIER = "com.lagrange1813.Airplane-Test";
				PRODUCT_NAME = "$(TARGET_NAME)";
				SUPPORTS_MACCATALYST = NO;
				SWIFT_EMIT_LOC_STRINGS = YES;
				SWIFT_VERSION = 5.0;
				TARGETED_DEVICE_FAMILY = "1,2";
			};
			name = Debug;
		};
		7A584E5127586FD000B2AFCF /* Release */ = {
			isa = XCBuildConfiguration;
			baseConfigurationReference = 9309E8C5B5944574CF954EEB /* Pods-Airplane-Test.release.xcconfig */;
			buildSettings = {
				ASSETCATALOG_COMPILER_APPICON_NAME = AppIcon;
				ASSETCATALOG_COMPILER_GLOBAL_ACCENT_COLOR_NAME = AccentColor;
				CODE_SIGN_ENTITLEMENTS = "Airplane-Test/Airplane-Test.entitlements";
				CODE_SIGN_STYLE = Automatic;
				CURRENT_PROJECT_VERSION = 1;
				DEVELOPMENT_TEAM = J848DTSBF7;
				GENERATE_INFOPLIST_FILE = YES;
				INFOPLIST_FILE = "Airplane-Test/Info.plist";
				INFOPLIST_KEY_UIApplicationSupportsIndirectInputEvents = YES;
				INFOPLIST_KEY_UILaunchStoryboardName = LaunchScreen;
				INFOPLIST_KEY_UISupportedInterfaceOrientations_iPad = "UIInterfaceOrientationLandscapeLeft UIInterfaceOrientationLandscapeRight";
				INFOPLIST_KEY_UISupportedInterfaceOrientations_iPhone = "UIInterfaceOrientationLandscapeLeft UIInterfaceOrientationLandscapeRight";
				IPHONEOS_DEPLOYMENT_TARGET = 13.0;
				LD_RUNPATH_SEARCH_PATHS = (
					"$(inherited)",
					"@executable_path/Frameworks",
				);
				MARKETING_VERSION = 1.0;
				PRODUCT_BUNDLE_IDENTIFIER = "com.lagrange1813.Airplane-Test";
				PRODUCT_NAME = "$(TARGET_NAME)";
				SUPPORTS_MACCATALYST = NO;
				SWIFT_EMIT_LOC_STRINGS = YES;
				SWIFT_VERSION = 5.0;
				TARGETED_DEVICE_FAMILY = "1,2";
			};
			name = Release;
		};
/* End XCBuildConfiguration section */

/* Begin XCConfigurationList section */
		7A584E3627586FCD00B2AFCF /* Build configuration list for PBXProject "Airplane-Test" */ = {
			isa = XCConfigurationList;
			buildConfigurations = (
				7A584E4D27586FD000B2AFCF /* Debug */,
				7A584E4E27586FD000B2AFCF /* Release */,
			);
			defaultConfigurationIsVisible = 0;
			defaultConfigurationName = Release;
		};
		7A584E4F27586FD000B2AFCF /* Build configuration list for PBXNativeTarget "Airplane-Test" */ = {
			isa = XCConfigurationList;
			buildConfigurations = (
				7A584E5027586FD000B2AFCF /* Debug */,
				7A584E5127586FD000B2AFCF /* Release */,
			);
			defaultConfigurationIsVisible = 0;
			defaultConfigurationName = Release;
		};
/* End XCConfigurationList section */
	};
	rootObject = 7A584E3327586FCD00B2AFCF /* Project object */;
}
