// !$*UTF8*$!
{
	archiveVersion = 1;
	classes = {
	};
	objectVersion = 55;
	objects = {

/* Begin PBXBuildFile section */
		7A0E4A9127316C00008A7129 /* AppDelegate.swift in Sources */ = {isa = PBXBuildFile; fileRef = 7A0E4A9027316C00008A7129 /* AppDelegate.swift */; };
		7A0E4A9327316C00008A7129 /* SceneDelegate.swift in Sources */ = {isa = PBXBuildFile; fileRef = 7A0E4A9227316C00008A7129 /* SceneDelegate.swift */; };
		7A0E4A9827316C00008A7129 /* Main.storyboard in Resources */ = {isa = PBXBuildFile; fileRef = 7A0E4A9627316C00008A7129 /* Main.storyboard */; };
		7A0E4A9A27316C01008A7129 /* Assets.xcassets in Resources */ = {isa = PBXBuildFile; fileRef = 7A0E4A9927316C01008A7129 /* Assets.xcassets */; };
		7A0E4A9D27316C01008A7129 /* LaunchScreen.storyboard in Resources */ = {isa = PBXBuildFile; fileRef = 7A0E4A9B27316C01008A7129 /* LaunchScreen.storyboard */; };
		7A0E4AE927327B43008A7129 /* TableViewController.swift in Sources */ = {isa = PBXBuildFile; fileRef = 7A0E4AE827327B43008A7129 /* TableViewController.swift */; };
		7A0E4AEB27327B8E008A7129 /* TableViewCell.swift in Sources */ = {isa = PBXBuildFile; fileRef = 7A0E4AEA27327B8E008A7129 /* TableViewCell.swift */; };
		7A0E4AED27328E23008A7129 /* Cat.swift in Sources */ = {isa = PBXBuildFile; fileRef = 7A0E4AEC27328E23008A7129 /* Cat.swift */; };
		7AA7888D2732C1F0002946F9 /* DiffableDataSource.swift in Sources */ = {isa = PBXBuildFile; fileRef = 7AA7888C2732C1F0002946F9 /* DiffableDataSource.swift */; };
		7AA7888F27338083002946F9 /* DetailViewController.swift in Sources */ = {isa = PBXBuildFile; fileRef = 7AA7888E27338083002946F9 /* DetailViewController.swift */; };
/* End PBXBuildFile section */

/* Begin PBXFileReference section */
		7A0E4A8D27316C00008A7129 /* Cat-Viewer.app */ = {isa = PBXFileReference; explicitFileType = wrapper.application; includeInIndex = 0; path = "Cat-Viewer.app"; sourceTree = BUILT_PRODUCTS_DIR; };
		7A0E4A9027316C00008A7129 /* AppDelegate.swift */ = {isa = PBXFileReference; lastKnownFileType = sourcecode.swift; path = AppDelegate.swift; sourceTree = "<group>"; };
		7A0E4A9227316C00008A7129 /* SceneDelegate.swift */ = {isa = PBXFileReference; lastKnownFileType = sourcecode.swift; path = SceneDelegate.swift; sourceTree = "<group>"; };
		7A0E4A9727316C00008A7129 /* Base */ = {isa = PBXFileReference; lastKnownFileType = file.storyboard; name = Base; path = Base.lproj/Main.storyboard; sourceTree = "<group>"; };
		7A0E4A9927316C01008A7129 /* Assets.xcassets */ = {isa = PBXFileReference; lastKnownFileType = folder.assetcatalog; path = Assets.xcassets; sourceTree = "<group>"; };
		7A0E4A9C27316C01008A7129 /* Base */ = {isa = PBXFileReference; lastKnownFileType = file.storyboard; name = Base; path = Base.lproj/LaunchScreen.storyboard; sourceTree = "<group>"; };
		7A0E4A9E27316C01008A7129 /* Info.plist */ = {isa = PBXFileReference; lastKnownFileType = text.plist.xml; path = Info.plist; sourceTree = "<group>"; };
		7A0E4AE827327B43008A7129 /* TableViewController.swift */ = {isa = PBXFileReference; lastKnownFileType = sourcecode.swift; path = TableViewController.swift; sourceTree = "<group>"; };
		7A0E4AEA27327B8E008A7129 /* TableViewCell.swift */ = {isa = PBXFileReference; lastKnownFileType = sourcecode.swift; path = TableViewCell.swift; sourceTree = "<group>"; };
		7A0E4AEC27328E23008A7129 /* Cat.swift */ = {isa = PBXFileReference; lastKnownFileType = sourcecode.swift; path = Cat.swift; sourceTree = "<group>"; };
		7AA7888C2732C1F0002946F9 /* DiffableDataSource.swift */ = {isa = PBXFileReference; lastKnownFileType = sourcecode.swift; path = DiffableDataSource.swift; sourceTree = "<group>"; };
		7AA7888E27338083002946F9 /* DetailViewController.swift */ = {isa = PBXFileReference; lastKnownFileType = sourcecode.swift; path = DetailViewController.swift; sourceTree = "<group>"; };
/* End PBXFileReference section */

/* Begin PBXFrameworksBuildPhase section */
		7A0E4A8A27316C00008A7129 /* Frameworks */ = {
			isa = PBXFrameworksBuildPhase;
			buildActionMask = 2147483647;
			files = (
			);
			runOnlyForDeploymentPostprocessing = 0;
		};
/* End PBXFrameworksBuildPhase section */

/* Begin PBXGroup section */
		7A0E4A8427316C00008A7129 = {
			isa = PBXGroup;
			children = (
				7A0E4A8F27316C00008A7129 /* Cat-Viewer */,
				7A0E4A8E27316C00008A7129 /* Products */,
			);
			sourceTree = "<group>";
		};
		7A0E4A8E27316C00008A7129 /* Products */ = {
			isa = PBXGroup;
			children = (
				7A0E4A8D27316C00008A7129 /* Cat-Viewer.app */,
			);
			name = Products;
			sourceTree = "<group>";
		};
		7A0E4A8F27316C00008A7129 /* Cat-Viewer */ = {
			isa = PBXGroup;
			children = (
				7A0E4AF3273293D2008A7129 /* Storyboard */,
				7A0E4AF1273293BB008A7129 /* Model */,
				7A0E4AF027329399008A7129 /* View */,
				7A0E4A9027316C00008A7129 /* AppDelegate.swift */,
				7A0E4A9227316C00008A7129 /* SceneDelegate.swift */,
				7A0E4AEE27329361008A7129 /* Controllor */,
				7A0E4A9927316C01008A7129 /* Assets.xcassets */,
				7A0E4A9E27316C01008A7129 /* Info.plist */,
			);
			path = "Cat-Viewer";
			sourceTree = "<group>";
		};
		7A0E4AEE27329361008A7129 /* Controllor */ = {
			isa = PBXGroup;
			children = (
				7A0E4AE827327B43008A7129 /* TableViewController.swift */,
				7AA7888E27338083002946F9 /* DetailViewController.swift */,
			);
			path = Controllor;
			sourceTree = "<group>";
		};
		7A0E4AF027329399008A7129 /* View */ = {
			isa = PBXGroup;
			children = (
				7A0E4AEA27327B8E008A7129 /* TableViewCell.swift */,
			);
			path = View;
			sourceTree = "<group>";
		};
		7A0E4AF1273293BB008A7129 /* Model */ = {
			isa = PBXGroup;
			children = (
				7A0E4AEC27328E23008A7129 /* Cat.swift */,
				7AA7888C2732C1F0002946F9 /* DiffableDataSource.swift */,
			);
			path = Model;
			sourceTree = "<group>";
		};
		7A0E4AF3273293D2008A7129 /* Storyboard */ = {
			isa = PBXGroup;
			children = (
				7A0E4A9B27316C01008A7129 /* LaunchScreen.storyboard */,
				7A0E4A9627316C00008A7129 /* Main.storyboard */,
			);
			path = Storyboard;
			sourceTree = "<group>";
		};
/* End PBXGroup section */

/* Begin PBXNativeTarget section */
		7A0E4A8C27316C00008A7129 /* Cat-Viewer */ = {
			isa = PBXNativeTarget;
			buildConfigurationList = 7A0E4AA127316C01008A7129 /* Build configuration list for PBXNativeTarget "Cat-Viewer" */;
			buildPhases = (
				7A0E4A8927316C00008A7129 /* Sources */,
				7A0E4A8A27316C00008A7129 /* Frameworks */,
				7A0E4A8B27316C00008A7129 /* Resources */,
			);
			buildRules = (
			);
			dependencies = (
			);
			name = "Cat-Viewer";
			productName = "Cat-Viewer";
			productReference = 7A0E4A8D27316C00008A7129 /* Cat-Viewer.app */;
			productType = "com.apple.product-type.application";
		};
/* End PBXNativeTarget section */

/* Begin PBXProject section */
		7A0E4A8527316C00008A7129 /* Project object */ = {
			isa = PBXProject;
			attributes = {
				BuildIndependentTargetsInParallel = 1;
				LastSwiftUpdateCheck = 1310;
				LastUpgradeCheck = 1310;
				TargetAttributes = {
					7A0E4A8C27316C00008A7129 = {
						CreatedOnToolsVersion = 13.1;
					};
				};
			};
			buildConfigurationList = 7A0E4A8827316C00008A7129 /* Build configuration list for PBXProject "Cat-Viewer" */;
			compatibilityVersion = "Xcode 13.0";
			developmentRegion = en;
			hasScannedForEncodings = 0;
			knownRegions = (
				en,
				Base,
			);
			mainGroup = 7A0E4A8427316C00008A7129;
			productRefGroup = 7A0E4A8E27316C00008A7129 /* Products */;
			projectDirPath = "";
			projectRoot = "";
			targets = (
				7A0E4A8C27316C00008A7129 /* Cat-Viewer */,
			);
		};
/* End PBXProject section */

/* Begin PBXResourcesBuildPhase section */
		7A0E4A8B27316C00008A7129 /* Resources */ = {
			isa = PBXResourcesBuildPhase;
			buildActionMask = 2147483647;
			files = (
				7A0E4A9D27316C01008A7129 /* LaunchScreen.storyboard in Resources */,
				7A0E4A9A27316C01008A7129 /* Assets.xcassets in Resources */,
				7A0E4A9827316C00008A7129 /* Main.storyboard in Resources */,
			);
			runOnlyForDeploymentPostprocessing = 0;
		};
/* End PBXResourcesBuildPhase section */

/* Begin PBXSourcesBuildPhase section */
		7A0E4A8927316C00008A7129 /* Sources */ = {
			isa = PBXSourcesBuildPhase;
			buildActionMask = 2147483647;
			files = (
				7A0E4A9127316C00008A7129 /* AppDelegate.swift in Sources */,
				7A0E4AEB27327B8E008A7129 /* TableViewCell.swift in Sources */,
				7A0E4AED27328E23008A7129 /* Cat.swift in Sources */,
				7A0E4AE927327B43008A7129 /* TableViewController.swift in Sources */,
				7A0E4A9327316C00008A7129 /* SceneDelegate.swift in Sources */,
				7AA7888D2732C1F0002946F9 /* DiffableDataSource.swift in Sources */,
				7AA7888F27338083002946F9 /* DetailViewController.swift in Sources */,
			);
			runOnlyForDeploymentPostprocessing = 0;
		};
/* End PBXSourcesBuildPhase section */

/* Begin PBXVariantGroup section */
		7A0E4A9627316C00008A7129 /* Main.storyboard */ = {
			isa = PBXVariantGroup;
			children = (
				7A0E4A9727316C00008A7129 /* Base */,
			);
			name = Main.storyboard;
			sourceTree = "<group>";
		};
		7A0E4A9B27316C01008A7129 /* LaunchScreen.storyboard */ = {
			isa = PBXVariantGroup;
			children = (
				7A0E4A9C27316C01008A7129 /* Base */,
			);
			name = LaunchScreen.storyboard;
			sourceTree = "<group>";
		};
/* End PBXVariantGroup section */

/* Begin XCBuildConfiguration section */
		7A0E4A9F27316C01008A7129 /* Debug */ = {
			isa = XCBuildConfiguration;
			buildSettings = {
				ALWAYS_SEARCH_USER_PATHS = NO;
				CLANG_ANALYZER_NONNULL = YES;
				CLANG_ANALYZER_NUMBER_OBJECT_CONVERSION = YES_AGGRESSIVE;
				CLANG_CXX_LANGUAGE_STANDARD = "gnu++17";
				CLANG_CXX_LIBRARY = "libc++";
				CLANG_ENABLE_MODULES = YES;
				CLANG_ENABLE_OBJC_ARC = YES;
				CLANG_ENABLE_OBJC_WEAK = YES;
				CLANG_WARN_BLOCK_CAPTURE_AUTORELEASING = YES;
				CLANG_WARN_BOOL_CONVERSION = YES;
				CLANG_WARN_COMMA = YES;
				CLANG_WARN_CONSTANT_CONVERSION = YES;
				CLANG_WARN_DEPRECATED_OBJC_IMPLEMENTATIONS = YES;
				CLANG_WARN_DIRECT_OBJC_ISA_USAGE = YES_ERROR;
				CLANG_WARN_DOCUMENTATION_COMMENTS = YES;
				CLANG_WARN_EMPTY_BODY = YES;
				CLANG_WARN_ENUM_CONVERSION = YES;
				CLANG_WARN_INFINITE_RECURSION = YES;
				CLANG_WARN_INT_CONVERSION = YES;
				CLANG_WARN_NON_LITERAL_NULL_CONVERSION = YES;
				CLANG_WARN_OBJC_IMPLICIT_RETAIN_SELF = YES;
				CLANG_WARN_OBJC_LITERAL_CONVERSION = YES;
				CLANG_WARN_OBJC_ROOT_CLASS = YES_ERROR;
				CLANG_WARN_QUOTED_INCLUDE_IN_FRAMEWORK_HEADER = YES;
				CLANG_WARN_RANGE_LOOP_ANALYSIS = YES;
				CLANG_WARN_STRICT_PROTOTYPES = YES;
				CLANG_WARN_SUSPICIOUS_MOVE = YES;
				CLANG_WARN_UNGUARDED_AVAILABILITY = YES_AGGRESSIVE;
				CLANG_WARN_UNREACHABLE_CODE = YES;
				CLANG_WARN__DUPLICATE_METHOD_MATCH = YES;
				COPY_PHASE_STRIP = NO;
				DEBUG_INFORMATION_FORMAT = dwarf;
				ENABLE_STRICT_OBJC_MSGSEND = YES;
				ENABLE_TESTABILITY = YES;
				GCC_C_LANGUAGE_STANDARD = gnu11;
				GCC_DYNAMIC_NO_PIC = NO;
				GCC_NO_COMMON_BLOCKS = YES;
				GCC_OPTIMIZATION_LEVEL = 0;
				GCC_PREPROCESSOR_DEFINITIONS = (
					"DEBUG=1",
					"$(inherited)",
				);
				GCC_WARN_64_TO_32_BIT_CONVERSION = YES;
				GCC_WARN_ABOUT_RETURN_TYPE = YES_ERROR;
				GCC_WARN_UNDECLARED_SELECTOR = YES;
				GCC_WARN_UNINITIALIZED_AUTOS = YES_AGGRESSIVE;
				GCC_WARN_UNUSED_FUNCTION = YES;
				GCC_WARN_UNUSED_VARIABLE = YES;
				IPHONEOS_DEPLOYMENT_TARGET = 15.0;
				MTL_ENABLE_DEBUG_INFO = INCLUDE_SOURCE;
				MTL_FAST_MATH = YES;
				ONLY_ACTIVE_ARCH = YES;
				SDKROOT = iphoneos;
				SWIFT_ACTIVE_COMPILATION_CONDITIONS = DEBUG;
				SWIFT_OPTIMIZATION_LEVEL = "-Onone";
			};
			name = Debug;
		};
		7A0E4AA027316C01008A7129 /* Release */ = {
			isa = XCBuildConfiguration;
			buildSettings = {
				ALWAYS_SEARCH_USER_PATHS = NO;
				CLANG_ANALYZER_NONNULL = YES;
				CLANG_ANALYZER_NUMBER_OBJECT_CONVERSION = YES_AGGRESSIVE;
				CLANG_CXX_LANGUAGE_STANDARD = "gnu++17";
				CLANG_CXX_LIBRARY = "libc++";
				CLANG_ENABLE_MODULES = YES;
				CLANG_ENABLE_OBJC_ARC = YES;
				CLANG_ENABLE_OBJC_WEAK = YES;
				CLANG_WARN_BLOCK_CAPTURE_AUTORELEASING = YES;
				CLANG_WARN_BOOL_CONVERSION = YES;
				CLANG_WARN_COMMA = YES;
				CLANG_WARN_CONSTANT_CONVERSION = YES;
				CLANG_WARN_DEPRECATED_OBJC_IMPLEMENTATIONS = YES;
				CLANG_WARN_DIRECT_OBJC_ISA_USAGE = YES_ERROR;
				CLANG_WARN_DOCUMENTATION_COMMENTS = YES;
				CLANG_WARN_EMPTY_BODY = YES;
				CLANG_WARN_ENUM_CONVERSION = YES;
				CLANG_WARN_INFINITE_RECURSION = YES;
				CLANG_WARN_INT_CONVERSION = YES;
				CLANG_WARN_NON_LITERAL_NULL_CONVERSION = YES;
				CLANG_WARN_OBJC_IMPLICIT_RETAIN_SELF = YES;
				CLANG_WARN_OBJC_LITERAL_CONVERSION = YES;
				CLANG_WARN_OBJC_ROOT_CLASS = YES_ERROR;
				CLANG_WARN_QUOTED_INCLUDE_IN_FRAMEWORK_HEADER = YES;
				CLANG_WARN_RANGE_LOOP_ANALYSIS = YES;
				CLANG_WARN_STRICT_PROTOTYPES = YES;
				CLANG_WARN_SUSPICIOUS_MOVE = YES;
				CLANG_WARN_UNGUARDED_AVAILABILITY = YES_AGGRESSIVE;
				CLANG_WARN_UNREACHABLE_CODE = YES;
				CLANG_WARN__DUPLICATE_METHOD_MATCH = YES;
				COPY_PHASE_STRIP = NO;
				DEBUG_INFORMATION_FORMAT = "dwarf-with-dsym";
				ENABLE_NS_ASSERTIONS = NO;
				ENABLE_STRICT_OBJC_MSGSEND = YES;
				GCC_C_LANGUAGE_STANDARD = gnu11;
				GCC_NO_COMMON_BLOCKS = YES;
				GCC_WARN_64_TO_32_BIT_CONVERSION = YES;
				GCC_WARN_ABOUT_RETURN_TYPE = YES_ERROR;
				GCC_WARN_UNDECLARED_SELECTOR = YES;
				GCC_WARN_UNINITIALIZED_AUTOS = YES_AGGRESSIVE;
				GCC_WARN_UNUSED_FUNCTION = YES;
				GCC_WARN_UNUSED_VARIABLE = YES;
				IPHONEOS_DEPLOYMENT_TARGET = 15.0;
				MTL_ENABLE_DEBUG_INFO = NO;
				MTL_FAST_MATH = YES;
				SDKROOT = iphoneos;
				SWIFT_COMPILATION_MODE = wholemodule;
				SWIFT_OPTIMIZATION_LEVEL = "-O";
				VALIDATE_PRODUCT = YES;
			};
			name = Release;
		};
		7A0E4AA227316C01008A7129 /* Debug */ = {
			isa = XCBuildConfiguration;
			buildSettings = {
				ASSETCATALOG_COMPILER_APPICON_NAME = AppIcon;
				ASSETCATALOG_COMPILER_GLOBAL_ACCENT_COLOR_NAME = AccentColor;
				CODE_SIGN_STYLE = Automatic;
				CURRENT_PROJECT_VERSION = 1;
				GENERATE_INFOPLIST_FILE = YES;
				INFOPLIST_FILE = "Cat-Viewer/Info.plist";
				INFOPLIST_KEY_UIApplicationSupportsIndirectInputEvents = YES;
				INFOPLIST_KEY_UILaunchStoryboardName = LaunchScreen;
				INFOPLIST_KEY_UIMainStoryboardFile = Main;
				INFOPLIST_KEY_UISupportedInterfaceOrientations_iPad = "UIInterfaceOrientationPortrait UIInterfaceOrientationPortraitUpsideDown UIInterfaceOrientationLandscapeLeft UIInterfaceOrientationLandscapeRight";
				INFOPLIST_KEY_UISupportedInterfaceOrientations_iPhone = "UIInterfaceOrientationPortrait UIInterfaceOrientationLandscapeLeft UIInterfaceOrientationLandscapeRight";
				LD_RUNPATH_SEARCH_PATHS = (
					"$(inherited)",
					"@executable_path/Frameworks",
				);
				MARKETING_VERSION = 1.0;
				PRODUCT_BUNDLE_IDENTIFIER = "com.lagrange1813.Cat-Viewer";
				PRODUCT_NAME = "$(TARGET_NAME)";
				SWIFT_EMIT_LOC_STRINGS = YES;
				SWIFT_VERSION = 5.0;
				TARGETED_DEVICE_FAMILY = "1,2";
			};
			name = Debug;
		};
		7A0E4AA327316C01008A7129 /* Release */ = {
			isa = XCBuildConfiguration;
			buildSettings = {
				ASSETCATALOG_COMPILER_APPICON_NAME = AppIcon;
				ASSETCATALOG_COMPILER_GLOBAL_ACCENT_COLOR_NAME = AccentColor;
				CODE_SIGN_STYLE = Automatic;
				CURRENT_PROJECT_VERSION = 1;
				GENERATE_INFOPLIST_FILE = YES;
				INFOPLIST_FILE = "Cat-Viewer/Info.plist";
				INFOPLIST_KEY_UIApplicationSupportsIndirectInputEvents = YES;
				INFOPLIST_KEY_UILaunchStoryboardName = LaunchScreen;
				INFOPLIST_KEY_UIMainStoryboardFile = Main;
				INFOPLIST_KEY_UISupportedInterfaceOrientations_iPad = "UIInterfaceOrientationPortrait UIInterfaceOrientationPortraitUpsideDown UIInterfaceOrientationLandscapeLeft UIInterfaceOrientationLandscapeRight";
				INFOPLIST_KEY_UISupportedInterfaceOrientations_iPhone = "UIInterfaceOrientationPortrait UIInterfaceOrientationLandscapeLeft UIInterfaceOrientationLandscapeRight";
				LD_RUNPATH_SEARCH_PATHS = (
					"$(inherited)",
					"@executable_path/Frameworks",
				);
				MARKETING_VERSION = 1.0;
				PRODUCT_BUNDLE_IDENTIFIER = "com.lagrange1813.Cat-Viewer";
				PRODUCT_NAME = "$(TARGET_NAME)";
				SWIFT_EMIT_LOC_STRINGS = YES;
				SWIFT_VERSION = 5.0;
				TARGETED_DEVICE_FAMILY = "1,2";
			};
			name = Release;
		};
/* End XCBuildConfiguration section */

/* Begin XCConfigurationList section */
		7A0E4A8827316C00008A7129 /* Build configuration list for PBXProject "Cat-Viewer" */ = {
			isa = XCConfigurationList;
			buildConfigurations = (
				7A0E4A9F27316C01008A7129 /* Debug */,
				7A0E4AA027316C01008A7129 /* Release */,
			);
			defaultConfigurationIsVisible = 0;
			defaultConfigurationName = Release;
		};
		7A0E4AA127316C01008A7129 /* Build configuration list for PBXNativeTarget "Cat-Viewer" */ = {
			isa = XCConfigurationList;
			buildConfigurations = (
				7A0E4AA227316C01008A7129 /* Debug */,
				7A0E4AA327316C01008A7129 /* Release */,
			);
			defaultConfigurationIsVisible = 0;
			defaultConfigurationName = Release;
		};
/* End XCConfigurationList section */
	};
	rootObject = 7A0E4A8527316C00008A7129 /* Project object */;
}
