<?xml version="1.0" encoding="UTF-8"?>
<Scheme
   version = "1.3">
   <BuildAction>
      <BuildActionEntries>
         <BuildActionEntry
            buildForRunning = "YES">
            <BuildableReference
               BuildableIdentifier = "primary"
               BlueprintIdentifier = "7A5A39CB2740B5D400966F4C"
               BuildableName = "New-Cat-Viewer.app"
               BlueprintName = "New-Cat-Viewer"
               ReferencedContainer = "container:New-Cat-Viewer.xcodeproj">
            </BuildableReference>
         </BuildActionEntry>
      </BuildActionEntries>
   </BuildAction>
   <LaunchAction
      useCustomWorkingDirectory = "NO"
      buildConfiguration = "Debug"
      allowLocationSimulation = "YES">
      <BuildableProductRunnable>
         <BuildableReference
            BuildableIdentifier = "primary"
            BlueprintIdentifier = "7A5A39CB2740B5D400966F4C"
            BuildableName = "New-Cat-Viewer.app"
            BlueprintName = "New-Cat-Viewer"
            ReferencedContainer = "container:New-Cat-Viewer.xcodeproj">
         </BuildableReference>
      </BuildableProductRunnable>
   </LaunchAction>
</Scheme>
